// !$*UTF8*$!
{
	archiveVersion = 1;
	classes = {
	};
	objectVersion = 46;
	objects = {

/* Begin PBXBuildFile section */
		32E89C339F7E49BB921674A9 /* libPods.a in Frameworks */ = {isa = PBXBuildFile; fileRef = 692402F750A943D5BF471005 /* libPods.a */; };
		C000DD6114E7BB5F00DDD8C8 /* RollToEver.xcdatamodeld in Sources */ = {isa = PBXBuildFile; fileRef = C0833FF614E393A500DB4144 /* RollToEver.xcdatamodeld */; };
		C000DD7014E8E43900DDD8C8 /* Security.framework in Frameworks */ = {isa = PBXBuildFile; fileRef = C000DD6F14E8E43900DDD8C8 /* Security.framework */; };
		C000DD7114E8E44500DDD8C8 /* Security.framework in Frameworks */ = {isa = PBXBuildFile; fileRef = C000DD6F14E8E43900DDD8C8 /* Security.framework */; };
		C0089A7416C65BE30009213C /* ALAssetsLibrary+BlockingUtilityTest.m in Sources */ = {isa = PBXBuildFile; fileRef = C0089A7316C65BE30009213C /* ALAssetsLibrary+BlockingUtilityTest.m */; };
		C00AA8671506FE4D00415DA7 /* Icon.png in Resources */ = {isa = PBXBuildFile; fileRef = C00AA8661506FE4D00415DA7 /* Icon.png */; };
		C00AA8691506FE5900415DA7 /* Icon@2x.png in Resources */ = {isa = PBXBuildFile; fileRef = C00AA8681506FE5900415DA7 /* Icon@2x.png */; };
		C0192E8914FFC43400DEC1F7 /* uploadbutton.png in Resources */ = {isa = PBXBuildFile; fileRef = C0192E8814FFC43400DEC1F7 /* uploadbutton.png */; };
		C0192E8A14FFC43400DEC1F7 /* uploadbutton.png in Resources */ = {isa = PBXBuildFile; fileRef = C0192E8814FFC43400DEC1F7 /* uploadbutton.png */; };
		C039B10514DF79D300F4169E /* UIKit.framework in Frameworks */ = {isa = PBXBuildFile; fileRef = C039B10414DF79D300F4169E /* UIKit.framework */; };
		C039B10714DF79D300F4169E /* Foundation.framework in Frameworks */ = {isa = PBXBuildFile; fileRef = C039B10614DF79D300F4169E /* Foundation.framework */; };
		C039B10F14DF79D300F4169E /* InfoPlist.strings in Resources */ = {isa = PBXBuildFile; fileRef = C039B10D14DF79D300F4169E /* InfoPlist.strings */; };
		C039B11814DF79D300F4169E /* MainStoryboard.storyboard in Resources */ = {isa = PBXBuildFile; fileRef = C039B11614DF79D300F4169E /* MainStoryboard.storyboard */; };
		C039B14614DF8A9E00F4169E /* AssetsLibrary.framework in Frameworks */ = {isa = PBXBuildFile; fileRef = C039B14514DF8A9E00F4169E /* AssetsLibrary.framework */; };
		C039CDE014F68B9E00948DC6 /* Icon-72.png in Resources */ = {isa = PBXBuildFile; fileRef = C039CDD514F68B9E00948DC6 /* Icon-72.png */; };
		C039CDE114F68B9E00948DC6 /* Icon-Small-50.png in Resources */ = {isa = PBXBuildFile; fileRef = C039CDD614F68B9E00948DC6 /* Icon-Small-50.png */; };
		C039CDE214F68B9E00948DC6 /* Icon-Small.png in Resources */ = {isa = PBXBuildFile; fileRef = C039CDD714F68B9E00948DC6 /* Icon-Small.png */; };
		C039CDE314F68B9E00948DC6 /* Icon-Small@2x.png in Resources */ = {isa = PBXBuildFile; fileRef = C039CDD814F68B9E00948DC6 /* Icon-Small@2x.png */; };
		C039CDE614F68B9E00948DC6 /* iTunesArtwork in Resources */ = {isa = PBXBuildFile; fileRef = C039CDDB14F68B9E00948DC6 /* iTunesArtwork */; };
		C039CE0C14F68BD500948DC6 /* AppDelegate.m in Sources */ = {isa = PBXBuildFile; fileRef = C039CDEE14F68BD400948DC6 /* AppDelegate.m */; };
		C039CE0D14F68BD500948DC6 /* AppDelegate.m in Sources */ = {isa = PBXBuildFile; fileRef = C039CDEE14F68BD400948DC6 /* AppDelegate.m */; };
		C039CE1214F68BD500948DC6 /* UploadedURLModel.m in Sources */ = {isa = PBXBuildFile; fileRef = C039CDF414F68BD400948DC6 /* UploadedURLModel.m */; };
		C039CE1314F68BD500948DC6 /* UploadedURLModel.m in Sources */ = {isa = PBXBuildFile; fileRef = C039CDF414F68BD400948DC6 /* UploadedURLModel.m */; };
		C039CE1414F68BD500948DC6 /* main.m in Sources */ = {isa = PBXBuildFile; fileRef = C039CDF514F68BD400948DC6 /* main.m */; };
		C039CE1614F68BD500948DC6 /* NotebookTableViewController.m in Sources */ = {isa = PBXBuildFile; fileRef = C039CDF714F68BD500948DC6 /* NotebookTableViewController.m */; };
		C039CE1714F68BD500948DC6 /* NotebookTableViewController.m in Sources */ = {isa = PBXBuildFile; fileRef = C039CDF714F68BD500948DC6 /* NotebookTableViewController.m */; };
		C039CE1814F68BD500948DC6 /* PhotoUploader.m in Sources */ = {isa = PBXBuildFile; fileRef = C039CDF914F68BD500948DC6 /* PhotoUploader.m */; };
		C039CE1914F68BD500948DC6 /* PhotoUploader.m in Sources */ = {isa = PBXBuildFile; fileRef = C039CDF914F68BD500948DC6 /* PhotoUploader.m */; };
		C039CE1C14F68BD500948DC6 /* SettingsTableViewController.m in Sources */ = {isa = PBXBuildFile; fileRef = C039CDFD14F68BD500948DC6 /* SettingsTableViewController.m */; };
		C039CE1D14F68BD500948DC6 /* SettingsTableViewController.m in Sources */ = {isa = PBXBuildFile; fileRef = C039CDFD14F68BD500948DC6 /* SettingsTableViewController.m */; };
		C039CE1E14F68BD500948DC6 /* THTTPAsyncClient.m in Sources */ = {isa = PBXBuildFile; fileRef = C039CDFF14F68BD500948DC6 /* THTTPAsyncClient.m */; };
		C039CE1F14F68BD500948DC6 /* THTTPAsyncClient.m in Sources */ = {isa = PBXBuildFile; fileRef = C039CDFF14F68BD500948DC6 /* THTTPAsyncClient.m */; };
		C039CE2214F68BD500948DC6 /* UserSettings.m in Sources */ = {isa = PBXBuildFile; fileRef = C039CE0314F68BD500948DC6 /* UserSettings.m */; };
		C039CE2314F68BD500948DC6 /* UserSettings.m in Sources */ = {isa = PBXBuildFile; fileRef = C039CE0314F68BD500948DC6 /* UserSettings.m */; };
		C039CE2414F68BD500948DC6 /* MainViewController.m in Sources */ = {isa = PBXBuildFile; fileRef = C039CE0514F68BD500948DC6 /* MainViewController.m */; };
		C039CE2514F68BD500948DC6 /* MainViewController.m in Sources */ = {isa = PBXBuildFile; fileRef = C039CE0514F68BD500948DC6 /* MainViewController.m */; };
		C039CE2814F6911700948DC6 /* UploadViewController.m in Sources */ = {isa = PBXBuildFile; fileRef = C039CE2714F6911700948DC6 /* UploadViewController.m */; };
		C039CE2914F6911700948DC6 /* UploadViewController.m in Sources */ = {isa = PBXBuildFile; fileRef = C039CE2714F6911700948DC6 /* UploadViewController.m */; };
		C03EF55E16056BEB000703BD /* TestViewController.m in Sources */ = {isa = PBXBuildFile; fileRef = C03EF55D16056BEB000703BD /* TestViewController.m */; };
		C04F82DB14E7A00A00C9D1FE /* AssetsLibrary.framework in Frameworks */ = {isa = PBXBuildFile; fileRef = C039B14514DF8A9E00F4169E /* AssetsLibrary.framework */; };
		C04F82E214E7B15F00C9D1FE /* MyGHUnitIOSAppDelegate.m in Sources */ = {isa = PBXBuildFile; fileRef = C04F82E114E7B15F00C9D1FE /* MyGHUnitIOSAppDelegate.m */; };
		C060505D14FF38FF001A41B7 /* Localizable.strings in Resources */ = {isa = PBXBuildFile; fileRef = C060506014FF38FF001A41B7 /* Localizable.strings */; };
		C060505E14FF38FF001A41B7 /* Localizable.strings in Resources */ = {isa = PBXBuildFile; fileRef = C060506014FF38FF001A41B7 /* Localizable.strings */; };
		C062280A16CFB85E00C049DF /* EDAMNoteStoreClient+WithDelegate.m in Sources */ = {isa = PBXBuildFile; fileRef = C062280916CFB85E00C049DF /* EDAMNoteStoreClient+WithDelegate.m */; };
		C062280C16CFB85E00C049DF /* EDAMNoteStoreClient+WithDelegate.m in Sources */ = {isa = PBXBuildFile; fileRef = C062280916CFB85E00C049DF /* EDAMNoteStoreClient+WithDelegate.m */; };
		C062280F16CFB88D00C049DF /* EDAMUserStoreClient+WithDelegate.m in Sources */ = {isa = PBXBuildFile; fileRef = C062280E16CFB88D00C049DF /* EDAMUserStoreClient+WithDelegate.m */; };
		C062281116CFB88D00C049DF /* EDAMUserStoreClient+WithDelegate.m in Sources */ = {isa = PBXBuildFile; fileRef = C062280E16CFB88D00C049DF /* EDAMUserStoreClient+WithDelegate.m */; };
		C062281316CFC4C400C049DF /* UserSettingsTest.m in Sources */ = {isa = PBXBuildFile; fileRef = C062281216CFC4C400C049DF /* UserSettingsTest.m */; };
		C062281516CFE82600C049DF /* EDAMNoteStoreClient+WithDelegateTest.m in Sources */ = {isa = PBXBuildFile; fileRef = C062281416CFE82500C049DF /* EDAMNoteStoreClient+WithDelegateTest.m */; };
		C062281716CFE83D00C049DF /* EDAMUserStoreClient+WithDelegateTest.m in Sources */ = {isa = PBXBuildFile; fileRef = C062281616CFE83C00C049DF /* EDAMUserStoreClient+WithDelegateTest.m */; };
		C066C6E11506EF1900D1188B /* logo.png in Resources */ = {isa = PBXBuildFile; fileRef = C066C6E01506EF1900D1188B /* logo.png */; };
		C07EE2461603F839000EFA19 /* ApplicationError.m in Sources */ = {isa = PBXBuildFile; fileRef = C0896A0F1505C1CC00CFABE1 /* ApplicationError.m */; };
		C07EE2471603F84F000EFA19 /* Icon.png in Resources */ = {isa = PBXBuildFile; fileRef = C00AA8661506FE4D00415DA7 /* Icon.png */; };
		C07EE2481603F854000EFA19 /* Icon@2x.png in Resources */ = {isa = PBXBuildFile; fileRef = C00AA8681506FE5900415DA7 /* Icon@2x.png */; };
		C07EE2501603FA30000EFA19 /* Default.png in Resources */ = {isa = PBXBuildFile; fileRef = C07EE24D1603FA30000EFA19 /* Default.png */; };
		C07EE2511603FA30000EFA19 /* Default-568h@2x.png in Resources */ = {isa = PBXBuildFile; fileRef = C07EE24E1603FA30000EFA19 /* Default-568h@2x.png */; };
		C07EE2521603FA30000EFA19 /* Default@2x.png in Resources */ = {isa = PBXBuildFile; fileRef = C07EE24F1603FA30000EFA19 /* Default@2x.png */; };
		C07EE2531603FA4E000EFA19 /* Default.png in Resources */ = {isa = PBXBuildFile; fileRef = C07EE24D1603FA30000EFA19 /* Default.png */; };
		C07EE2541603FA61000EFA19 /* Default-568h@2x.png in Resources */ = {isa = PBXBuildFile; fileRef = C07EE24E1603FA30000EFA19 /* Default-568h@2x.png */; };
		C07EE2551603FA69000EFA19 /* Default@2x.png in Resources */ = {isa = PBXBuildFile; fileRef = C07EE24F1603FA30000EFA19 /* Default@2x.png */; };
		C07EE312160425F3000EFA19 /* NSDataMD5Additions.m in Sources */ = {isa = PBXBuildFile; fileRef = C07EE30F160425F3000EFA19 /* NSDataMD5Additions.m */; };
		C07EE314160425F3000EFA19 /* NSDataMD5Additions.m in Sources */ = {isa = PBXBuildFile; fileRef = C07EE30F160425F3000EFA19 /* NSDataMD5Additions.m */; };
		C07EE315160425F3000EFA19 /* NSString+MD5.m in Sources */ = {isa = PBXBuildFile; fileRef = C07EE311160425F3000EFA19 /* NSString+MD5.m */; };
		C07EE317160425F3000EFA19 /* NSString+MD5.m in Sources */ = {isa = PBXBuildFile; fileRef = C07EE311160425F3000EFA19 /* NSString+MD5.m */; };
		C07EE31E16042656000EFA19 /* MD5.c in Sources */ = {isa = PBXBuildFile; fileRef = C07EE31916042656000EFA19 /* MD5.c */; };
		C07EE32016042656000EFA19 /* MD5.c in Sources */ = {isa = PBXBuildFile; fileRef = C07EE31916042656000EFA19 /* MD5.c */; };
		C07EE3241604561F000EFA19 /* EvernoteSession+Login.m in Sources */ = {isa = PBXBuildFile; fileRef = C07EE3231604561E000EFA19 /* EvernoteSession+Login.m */; };
		C07EE3261604561F000EFA19 /* EvernoteSession+Login.m in Sources */ = {isa = PBXBuildFile; fileRef = C07EE3231604561E000EFA19 /* EvernoteSession+Login.m */; };
		C0828E4E16BE772000C3B7ED /* UnsupportedFormatException.m in Sources */ = {isa = PBXBuildFile; fileRef = C0D8A928163D2FA8002FC719 /* UnsupportedFormatException.m */; };
		C0828E5016BE7B1100C3B7ED /* ALAssetTestUtilTest.m in Sources */ = {isa = PBXBuildFile; fileRef = C0828E4F16BE7B1100C3B7ED /* ALAssetTestUtilTest.m */; };
		C0828E5316BE7E3B00C3B7ED /* ALAssetTestUtility.m in Sources */ = {isa = PBXBuildFile; fileRef = C0828E5216BE7E3B00C3B7ED /* ALAssetTestUtility.m */; };
		C0828E6116BF2EC800C3B7ED /* ALAsset+TransformForEvernote.m in Sources */ = {isa = PBXBuildFile; fileRef = C0828E6016BF2EC800C3B7ED /* ALAsset+TransformForEvernote.m */; };
		C0828E6316BF2EC800C3B7ED /* ALAsset+TransformForEvernote.m in Sources */ = {isa = PBXBuildFile; fileRef = C0828E6016BF2EC800C3B7ED /* ALAsset+TransformForEvernote.m */; };
		C0828E6C16C1514E00C3B7ED /* EDAMNote+CreateFromALAsset.m in Sources */ = {isa = PBXBuildFile; fileRef = C0828E6B16C1514E00C3B7ED /* EDAMNote+CreateFromALAsset.m */; };
		C0828E6E16C1514E00C3B7ED /* EDAMNote+CreateFromALAsset.m in Sources */ = {isa = PBXBuildFile; fileRef = C0828E6B16C1514E00C3B7ED /* EDAMNote+CreateFromALAsset.m */; };
		C0828E7116C157A300C3B7ED /* RollToEverCommonException.m in Sources */ = {isa = PBXBuildFile; fileRef = C0828E7016C157A300C3B7ED /* RollToEverCommonException.m */; };
		C0828E7316C157A300C3B7ED /* RollToEverCommonException.m in Sources */ = {isa = PBXBuildFile; fileRef = C0828E7016C157A300C3B7ED /* RollToEverCommonException.m */; };
		C0828E7516C158F800C3B7ED /* ALAsset+TransformForEvernoteTest.m in Sources */ = {isa = PBXBuildFile; fileRef = C0828E7416C158F800C3B7ED /* ALAsset+TransformForEvernoteTest.m */; };
		C0828E8616C1C6C800C3B7ED /* EDAMNote+CreateFromALAssetTest.m in Sources */ = {isa = PBXBuildFile; fileRef = C0828E8416C1C40E00C3B7ED /* EDAMNote+CreateFromALAssetTest.m */; };
		C0828E8916C1D9EF00C3B7ED /* ALAssetsLibrary+BlockingUtility.m in Sources */ = {isa = PBXBuildFile; fileRef = C0828E8816C1D9EF00C3B7ED /* ALAssetsLibrary+BlockingUtility.m */; };
		C0828E8B16C1D9EF00C3B7ED /* ALAssetsLibrary+BlockingUtility.m in Sources */ = {isa = PBXBuildFile; fileRef = C0828E8816C1D9EF00C3B7ED /* ALAssetsLibrary+BlockingUtility.m */; };
		C0833FF314E392A700DB4144 /* CoreData.framework in Frameworks */ = {isa = PBXBuildFile; fileRef = C0833FF214E392A700DB4144 /* CoreData.framework */; };
		C0833FF814E393A500DB4144 /* RollToEver.xcdatamodeld in Sources */ = {isa = PBXBuildFile; fileRef = C0833FF614E393A500DB4144 /* RollToEver.xcdatamodeld */; };
		C08582371616CF6100D0092B /* CoreGraphics.framework in Frameworks */ = {isa = PBXBuildFile; fileRef = C039B10814DF79D300F4169E /* CoreGraphics.framework */; };
		C0881FAC14F29FAD00818BAE /* NSObject+InvocationUtils.m in Sources */ = {isa = PBXBuildFile; fileRef = C0881FAB14F29FAD00818BAE /* NSObject+InvocationUtils.m */; };
		C0881FAD14F29FAD00818BAE /* NSObject+InvocationUtils.m in Sources */ = {isa = PBXBuildFile; fileRef = C0881FAB14F29FAD00818BAE /* NSObject+InvocationUtils.m */; };
		C0896A101505C1CC00CFABE1 /* ApplicationError.m in Sources */ = {isa = PBXBuildFile; fileRef = C0896A0F1505C1CC00CFABE1 /* ApplicationError.m */; };
		C08AA3401524C3AB004324DA /* SystemConfiguration.framework in Frameworks */ = {isa = PBXBuildFile; fileRef = C074D16714ED46310077C201 /* SystemConfiguration.framework */; };
		C09709DF16C69CCC00AAE2B9 /* ALAssetsLibrary+FilteredList.m in Sources */ = {isa = PBXBuildFile; fileRef = C09709DE16C69CCC00AAE2B9 /* ALAssetsLibrary+FilteredList.m */; };
		C09709E116C69CCC00AAE2B9 /* ALAssetsLibrary+FilteredList.m in Sources */ = {isa = PBXBuildFile; fileRef = C09709DE16C69CCC00AAE2B9 /* ALAssetsLibrary+FilteredList.m */; };
		C09709E316C6A24300AAE2B9 /* ALAssetsLibrary+FilteredListTest.m in Sources */ = {isa = PBXBuildFile; fileRef = C09709E216C6A24300AAE2B9 /* ALAssetsLibrary+FilteredListTest.m */; };
		C09709E616C7342400AAE2B9 /* UploadedURLModelTest.m in Sources */ = {isa = PBXBuildFile; fileRef = C09709E416C733E400AAE2B9 /* UploadedURLModelTest.m */; };
		C0AA4E6D16EB7B9800D91257 /* CoreLocation.framework in Frameworks */ = {isa = PBXBuildFile; fileRef = C000DDBB14E966B000DDD8C8 /* CoreLocation.framework */; };
		C0BC74CE14E6CCFD003B0611 /* UIKit.framework in Frameworks */ = {isa = PBXBuildFile; fileRef = C039B10414DF79D300F4169E /* UIKit.framework */; };
		C0BC74CF14E6CCFD003B0611 /* Foundation.framework in Frameworks */ = {isa = PBXBuildFile; fileRef = C039B10614DF79D300F4169E /* Foundation.framework */; };
		C0BC74D014E6CCFD003B0611 /* CoreGraphics.framework in Frameworks */ = {isa = PBXBuildFile; fileRef = C039B10814DF79D300F4169E /* CoreGraphics.framework */; };
		C0BC74D614E6CCFD003B0611 /* InfoPlist.strings in Resources */ = {isa = PBXBuildFile; fileRef = C0BC74D414E6CCFD003B0611 /* InfoPlist.strings */; };
		C0BC74D814E6CCFD003B0611 /* main.m in Sources */ = {isa = PBXBuildFile; fileRef = C0BC74D714E6CCFD003B0611 /* main.m */; };
		C0BC74EF14E6CF1D003B0611 /* CoreData.framework in Frameworks */ = {isa = PBXBuildFile; fileRef = C0833FF214E392A700DB4144 /* CoreData.framework */; };
		C0D8A929163D2FA8002FC719 /* UnsupportedFormatException.m in Sources */ = {isa = PBXBuildFile; fileRef = C0D8A928163D2FA8002FC719 /* UnsupportedFormatException.m */; };
		C0E85A2714F6798000B3A1B4 /* MobileCoreServices.framework in Frameworks */ = {isa = PBXBuildFile; fileRef = C074D17314ED48760077C201 /* MobileCoreServices.framework */; };
		C0E85A2914F6799300B3A1B4 /* ImageIO.framework in Frameworks */ = {isa = PBXBuildFile; fileRef = C0E85A2814F6799300B3A1B4 /* ImageIO.framework */; };
		C0E85A2A14F6799E00B3A1B4 /* ImageIO.framework in Frameworks */ = {isa = PBXBuildFile; fileRef = C0E85A2814F6799300B3A1B4 /* ImageIO.framework */; };
		C0E85A2B14F679A400B3A1B4 /* MobileCoreServices.framework in Frameworks */ = {isa = PBXBuildFile; fileRef = C074D17314ED48760077C201 /* MobileCoreServices.framework */; };
		C0EE3FD416C8E29A00790727 /* EvernoteSession+LoginTest.m in Sources */ = {isa = PBXBuildFile; fileRef = C0EE3FD316C8E29A00790727 /* EvernoteSession+LoginTest.m */; };
		C0EE3FD816C9C3A500790727 /* EvernoteUploadTest.m in Sources */ = {isa = PBXBuildFile; fileRef = C0EE3FD716C9C3A500790727 /* EvernoteUploadTest.m */; };
		C0FA0EF2150877DF00BF7CEA /* blank_image.png in Resources */ = {isa = PBXBuildFile; fileRef = C0FA0EF1150877DF00BF7CEA /* blank_image.png */; };
		C0FA7D0E18653C5500173561 /* libPods.a in Frameworks */ = {isa = PBXBuildFile; fileRef = C0FA7D0D18653C5500173561 /* libPods.a */; };
		C0FA7D0F1865402500173561 /* CoreLocation.framework in Frameworks */ = {isa = PBXBuildFile; fileRef = C000DDBB14E966B000DDD8C8 /* CoreLocation.framework */; };
		C0FA7D121865433300173561 /* libxml2.2.dylib in Frameworks */ = {isa = PBXBuildFile; fileRef = C0FA7D111865433300173561 /* libxml2.2.dylib */; };
		C0FAF65E1501BC9A00F2BE23 /* AboutViewControllerViewController.m in Sources */ = {isa = PBXBuildFile; fileRef = C0FAF65D1501BC9A00F2BE23 /* AboutViewControllerViewController.m */; };
		FE238778C81F4CC983FE0123 /* libPods-RollToEverGHUnitTest.a in Frameworks */ = {isa = PBXBuildFile; fileRef = DD49A02E702042F3A008238D /* libPods-RollToEverGHUnitTest.a */; };
/* End PBXBuildFile section */

/* Begin PBXContainerItemProxy section */
		C0BC74F114E6CF64003B0611 /* PBXContainerItemProxy */ = {
			isa = PBXContainerItemProxy;
			containerPortal = C039B0F714DF79D300F4169E /* Project object */;
			proxyType = 1;
			remoteGlobalIDString = C039B0FF14DF79D300F4169E;
			remoteInfo = RollToEver;
		};
/* End PBXContainerItemProxy section */

/* Begin PBXFileReference section */
		35EDF444ADE24F48B5E2D9CE /* Pods-RollToEverGHUnitTest.xcconfig */ = {isa = PBXFileReference; includeInIndex = 1; lastKnownFileType = text.xcconfig; name = "Pods-RollToEverGHUnitTest.xcconfig"; path = "Pods/Pods-RollToEverGHUnitTest.xcconfig"; sourceTree = "<group>"; };
		692402F750A943D5BF471005 /* libPods.a */ = {isa = PBXFileReference; explicitFileType = archive.ar; includeInIndex = 0; path = libPods.a; sourceTree = BUILT_PRODUCTS_DIR; };
		C000DD6F14E8E43900DDD8C8 /* Security.framework */ = {isa = PBXFileReference; lastKnownFileType = wrapper.framework; name = Security.framework; path = System/Library/Frameworks/Security.framework; sourceTree = SDKROOT; };
		C000DDBB14E966B000DDD8C8 /* CoreLocation.framework */ = {isa = PBXFileReference; lastKnownFileType = wrapper.framework; name = CoreLocation.framework; path = System/Library/Frameworks/CoreLocation.framework; sourceTree = SDKROOT; };
		C0089A7316C65BE30009213C /* ALAssetsLibrary+BlockingUtilityTest.m */ = {isa = PBXFileReference; fileEncoding = 4; lastKnownFileType = sourcecode.c.objc; path = "ALAssetsLibrary+BlockingUtilityTest.m"; sourceTree = "<group>"; };
		C00AA8661506FE4D00415DA7 /* Icon.png */ = {isa = PBXFileReference; lastKnownFileType = image.png; path = Icon.png; sourceTree = "<group>"; };
		C00AA8681506FE5900415DA7 /* Icon@2x.png */ = {isa = PBXFileReference; lastKnownFileType = image.png; path = "Icon@2x.png"; sourceTree = "<group>"; };
		C0192E8814FFC43400DEC1F7 /* uploadbutton.png */ = {isa = PBXFileReference; lastKnownFileType = image.png; name = uploadbutton.png; path = RollToEver/Resources/uploadbutton.png; sourceTree = "<group>"; };
		C039B10014DF79D300F4169E /* RollToEver.app */ = {isa = PBXFileReference; explicitFileType = wrapper.application; includeInIndex = 0; path = RollToEver.app; sourceTree = BUILT_PRODUCTS_DIR; };
		C039B10414DF79D300F4169E /* UIKit.framework */ = {isa = PBXFileReference; lastKnownFileType = wrapper.framework; name = UIKit.framework; path = System/Library/Frameworks/UIKit.framework; sourceTree = SDKROOT; };
		C039B10614DF79D300F4169E /* Foundation.framework */ = {isa = PBXFileReference; lastKnownFileType = wrapper.framework; name = Foundation.framework; path = System/Library/Frameworks/Foundation.framework; sourceTree = SDKROOT; };
		C039B10814DF79D300F4169E /* CoreGraphics.framework */ = {isa = PBXFileReference; lastKnownFileType = wrapper.framework; name = CoreGraphics.framework; path = System/Library/Frameworks/CoreGraphics.framework; sourceTree = SDKROOT; };
		C039B10C14DF79D300F4169E /* RollToEver-Info.plist */ = {isa = PBXFileReference; lastKnownFileType = text.plist.xml; path = "RollToEver-Info.plist"; sourceTree = "<group>"; };
		C039B10E14DF79D300F4169E /* en */ = {isa = PBXFileReference; lastKnownFileType = text.plist.strings; name = en; path = en.lproj/InfoPlist.strings; sourceTree = "<group>"; };
		C039B11214DF79D300F4169E /* RollToEver-Prefix.pch */ = {isa = PBXFileReference; lastKnownFileType = sourcecode.c.h; path = "RollToEver-Prefix.pch"; sourceTree = "<group>"; };
		C039B11714DF79D300F4169E /* en */ = {isa = PBXFileReference; lastKnownFileType = file.storyboard; name = en; path = en.lproj/MainStoryboard.storyboard; sourceTree = "<group>"; };
		C039B12214DF79D400F4169E /* SenTestingKit.framework */ = {isa = PBXFileReference; lastKnownFileType = wrapper.framework; name = SenTestingKit.framework; path = Library/Frameworks/SenTestingKit.framework; sourceTree = DEVELOPER_DIR; };
		C039B14514DF8A9E00F4169E /* AssetsLibrary.framework */ = {isa = PBXFileReference; lastKnownFileType = wrapper.framework; name = AssetsLibrary.framework; path = System/Library/Frameworks/AssetsLibrary.framework; sourceTree = SDKROOT; };
		C039CDD514F68B9E00948DC6 /* Icon-72.png */ = {isa = PBXFileReference; lastKnownFileType = image.png; name = "Icon-72.png"; path = "RollToEver/Resources/Icon-72.png"; sourceTree = "<group>"; };
		C039CDD614F68B9E00948DC6 /* Icon-Small-50.png */ = {isa = PBXFileReference; lastKnownFileType = image.png; name = "Icon-Small-50.png"; path = "RollToEver/Resources/Icon-Small-50.png"; sourceTree = "<group>"; };
		C039CDD714F68B9E00948DC6 /* Icon-Small.png */ = {isa = PBXFileReference; lastKnownFileType = image.png; name = "Icon-Small.png"; path = "RollToEver/Resources/Icon-Small.png"; sourceTree = "<group>"; };
		C039CDD814F68B9E00948DC6 /* Icon-Small@2x.png */ = {isa = PBXFileReference; lastKnownFileType = image.png; name = "Icon-Small@2x.png"; path = "RollToEver/Resources/Icon-Small@2x.png"; sourceTree = "<group>"; };
		C039CDDB14F68B9E00948DC6 /* iTunesArtwork */ = {isa = PBXFileReference; lastKnownFileType = file; name = iTunesArtwork; path = RollToEver/Resources/iTunesArtwork; sourceTree = "<group>"; };
		C039CDED14F68BD400948DC6 /* AppDelegate.h */ = {isa = PBXFileReference; fileEncoding = 4; lastKnownFileType = sourcecode.c.h; name = AppDelegate.h; path = Classes/AppDelegate.h; sourceTree = "<group>"; };
		C039CDEE14F68BD400948DC6 /* AppDelegate.m */ = {isa = PBXFileReference; fileEncoding = 4; lastKnownFileType = sourcecode.c.objc; name = AppDelegate.m; path = Classes/AppDelegate.m; sourceTree = "<group>"; };
		C039CDF314F68BD400948DC6 /* UploadedURLModel.h */ = {isa = PBXFileReference; fileEncoding = 4; lastKnownFileType = sourcecode.c.h; name = UploadedURLModel.h; path = RollToEver/Classes/UploadedURLModel.h; sourceTree = "<group>"; };
		C039CDF414F68BD400948DC6 /* UploadedURLModel.m */ = {isa = PBXFileReference; fileEncoding = 4; lastKnownFileType = sourcecode.c.objc; name = UploadedURLModel.m; path = RollToEver/Classes/UploadedURLModel.m; sourceTree = "<group>"; };
		C039CDF514F68BD400948DC6 /* main.m */ = {isa = PBXFileReference; fileEncoding = 4; lastKnownFileType = sourcecode.c.objc; name = main.m; path = Classes/main.m; sourceTree = "<group>"; };
		C039CDF614F68BD500948DC6 /* NotebookTableViewController.h */ = {isa = PBXFileReference; fileEncoding = 4; lastKnownFileType = sourcecode.c.h; name = NotebookTableViewController.h; path = Classes/NotebookTableViewController.h; sourceTree = "<group>"; };
		C039CDF714F68BD500948DC6 /* NotebookTableViewController.m */ = {isa = PBXFileReference; fileEncoding = 4; lastKnownFileType = sourcecode.c.objc; name = NotebookTableViewController.m; path = Classes/NotebookTableViewController.m; sourceTree = "<group>"; };
		C039CDF814F68BD500948DC6 /* PhotoUploader.h */ = {isa = PBXFileReference; fileEncoding = 4; lastKnownFileType = sourcecode.c.h; name = PhotoUploader.h; path = Classes/PhotoUploader.h; sourceTree = "<group>"; };
		C039CDF914F68BD500948DC6 /* PhotoUploader.m */ = {isa = PBXFileReference; fileEncoding = 4; lastKnownFileType = sourcecode.c.objc; name = PhotoUploader.m; path = Classes/PhotoUploader.m; sourceTree = "<group>"; };
		C039CDFC14F68BD500948DC6 /* SettingsTableViewController.h */ = {isa = PBXFileReference; fileEncoding = 4; lastKnownFileType = sourcecode.c.h; name = SettingsTableViewController.h; path = Classes/SettingsTableViewController.h; sourceTree = "<group>"; };
		C039CDFD14F68BD500948DC6 /* SettingsTableViewController.m */ = {isa = PBXFileReference; fileEncoding = 4; lastKnownFileType = sourcecode.c.objc; name = SettingsTableViewController.m; path = Classes/SettingsTableViewController.m; sourceTree = "<group>"; };
		C039CDFE14F68BD500948DC6 /* THTTPAsyncClient.h */ = {isa = PBXFileReference; fileEncoding = 4; lastKnownFileType = sourcecode.c.h; name = THTTPAsyncClient.h; path = RollToEver/Classes/THTTPAsyncClient.h; sourceTree = "<group>"; };
		C039CDFF14F68BD500948DC6 /* THTTPAsyncClient.m */ = {isa = PBXFileReference; fileEncoding = 4; lastKnownFileType = sourcecode.c.objc; name = THTTPAsyncClient.m; path = RollToEver/Classes/THTTPAsyncClient.m; sourceTree = "<group>"; };
		C039CE0214F68BD500948DC6 /* UserSettings.h */ = {isa = PBXFileReference; fileEncoding = 4; lastKnownFileType = sourcecode.c.h; name = UserSettings.h; path = Classes/UserSettings.h; sourceTree = "<group>"; };
		C039CE0314F68BD500948DC6 /* UserSettings.m */ = {isa = PBXFileReference; fileEncoding = 4; lastKnownFileType = sourcecode.c.objc; name = UserSettings.m; path = Classes/UserSettings.m; sourceTree = "<group>"; };
		C039CE0414F68BD500948DC6 /* MainViewController.h */ = {isa = PBXFileReference; fileEncoding = 4; lastKnownFileType = sourcecode.c.h; name = MainViewController.h; path = Classes/MainViewController.h; sourceTree = "<group>"; };
		C039CE0514F68BD500948DC6 /* MainViewController.m */ = {isa = PBXFileReference; fileEncoding = 4; lastKnownFileType = sourcecode.c.objc; name = MainViewController.m; path = Classes/MainViewController.m; sourceTree = "<group>"; };
		C039CE2614F6911700948DC6 /* UploadViewController.h */ = {isa = PBXFileReference; fileEncoding = 4; lastKnownFileType = sourcecode.c.h; name = UploadViewController.h; path = Classes/UploadViewController.h; sourceTree = "<group>"; };
		C039CE2714F6911700948DC6 /* UploadViewController.m */ = {isa = PBXFileReference; fileEncoding = 4; lastKnownFileType = sourcecode.c.objc; name = UploadViewController.m; path = Classes/UploadViewController.m; sourceTree = "<group>"; };
		C03DC274163D63D2004D3B75 /* PrivateConfig.h */ = {isa = PBXFileReference; fileEncoding = 4; lastKnownFileType = sourcecode.c.h; path = PrivateConfig.h; sourceTree = "<group>"; };
		C03EF55C16056BEB000703BD /* TestViewController.h */ = {isa = PBXFileReference; fileEncoding = 4; lastKnownFileType = sourcecode.c.h; name = TestViewController.h; path = Classes/TestViewController.h; sourceTree = "<group>"; };
		C03EF55D16056BEB000703BD /* TestViewController.m */ = {isa = PBXFileReference; fileEncoding = 4; lastKnownFileType = sourcecode.c.objc; name = TestViewController.m; path = Classes/TestViewController.m; sourceTree = "<group>"; };
		C04F82E014E7B15F00C9D1FE /* MyGHUnitIOSAppDelegate.h */ = {isa = PBXFileReference; fileEncoding = 4; lastKnownFileType = sourcecode.c.h; path = MyGHUnitIOSAppDelegate.h; sourceTree = "<group>"; };
		C04F82E114E7B15F00C9D1FE /* MyGHUnitIOSAppDelegate.m */ = {isa = PBXFileReference; fileEncoding = 4; lastKnownFileType = sourcecode.c.objc; path = MyGHUnitIOSAppDelegate.m; sourceTree = "<group>"; };
		C060505F14FF38FF001A41B7 /* en */ = {isa = PBXFileReference; lastKnownFileType = text.plist.strings; name = en; path = en.lproj/Localizable.strings; sourceTree = "<group>"; };
		C060506114FF3909001A41B7 /* ja */ = {isa = PBXFileReference; lastKnownFileType = text.plist.strings; name = ja; path = ja.lproj/Localizable.strings; sourceTree = "<group>"; };
		C062280816CFB85E00C049DF /* EDAMNoteStoreClient+WithDelegate.h */ = {isa = PBXFileReference; fileEncoding = 4; lastKnownFileType = sourcecode.c.h; name = "EDAMNoteStoreClient+WithDelegate.h"; path = "RollToEver/Classes/EDAMNoteStoreClient+WithDelegate.h"; sourceTree = "<group>"; };
		C062280916CFB85E00C049DF /* EDAMNoteStoreClient+WithDelegate.m */ = {isa = PBXFileReference; fileEncoding = 4; lastKnownFileType = sourcecode.c.objc; name = "EDAMNoteStoreClient+WithDelegate.m"; path = "RollToEver/Classes/EDAMNoteStoreClient+WithDelegate.m"; sourceTree = "<group>"; };
		C062280D16CFB88C00C049DF /* EDAMUserStoreClient+WithDelegate.h */ = {isa = PBXFileReference; fileEncoding = 4; lastKnownFileType = sourcecode.c.h; name = "EDAMUserStoreClient+WithDelegate.h"; path = "RollToEver/Classes/EDAMUserStoreClient+WithDelegate.h"; sourceTree = "<group>"; };
		C062280E16CFB88D00C049DF /* EDAMUserStoreClient+WithDelegate.m */ = {isa = PBXFileReference; fileEncoding = 4; lastKnownFileType = sourcecode.c.objc; name = "EDAMUserStoreClient+WithDelegate.m"; path = "RollToEver/Classes/EDAMUserStoreClient+WithDelegate.m"; sourceTree = "<group>"; };
		C062281216CFC4C400C049DF /* UserSettingsTest.m */ = {isa = PBXFileReference; fileEncoding = 4; lastKnownFileType = sourcecode.c.objc; path = UserSettingsTest.m; sourceTree = "<group>"; };
		C062281416CFE82500C049DF /* EDAMNoteStoreClient+WithDelegateTest.m */ = {isa = PBXFileReference; fileEncoding = 4; lastKnownFileType = sourcecode.c.objc; path = "EDAMNoteStoreClient+WithDelegateTest.m"; sourceTree = "<group>"; };
		C062281616CFE83C00C049DF /* EDAMUserStoreClient+WithDelegateTest.m */ = {isa = PBXFileReference; fileEncoding = 4; lastKnownFileType = sourcecode.c.objc; path = "EDAMUserStoreClient+WithDelegateTest.m"; sourceTree = "<group>"; };
		C066C6E01506EF1900D1188B /* logo.png */ = {isa = PBXFileReference; lastKnownFileType = image.png; name = logo.png; path = RollToEver/Resources/logo.png; sourceTree = "<group>"; };
		C074D16714ED46310077C201 /* SystemConfiguration.framework */ = {isa = PBXFileReference; lastKnownFileType = wrapper.framework; name = SystemConfiguration.framework; path = System/Library/Frameworks/SystemConfiguration.framework; sourceTree = SDKROOT; };
		C074D16914ED46360077C201 /* CFNetwork.framework */ = {isa = PBXFileReference; lastKnownFileType = wrapper.framework; name = CFNetwork.framework; path = System/Library/Frameworks/CFNetwork.framework; sourceTree = SDKROOT; };
		C074D16F14ED47FE0077C201 /* libxml2.dylib */ = {isa = PBXFileReference; lastKnownFileType = "compiled.mach-o.dylib"; name = libxml2.dylib; path = usr/lib/libxml2.dylib; sourceTree = SDKROOT; };
		C074D17114ED48070077C201 /* libz.dylib */ = {isa = PBXFileReference; lastKnownFileType = "compiled.mach-o.dylib"; name = libz.dylib; path = usr/lib/libz.dylib; sourceTree = SDKROOT; };
		C074D17314ED48760077C201 /* MobileCoreServices.framework */ = {isa = PBXFileReference; lastKnownFileType = wrapper.framework; name = MobileCoreServices.framework; path = System/Library/Frameworks/MobileCoreServices.framework; sourceTree = SDKROOT; };
		C0773F411513951E00336E0C /* GCDSingleton.h */ = {isa = PBXFileReference; lastKnownFileType = sourcecode.c.h; name = GCDSingleton.h; path = RollToEver/Classes/GCDSingleton.h; sourceTree = "<group>"; };
		C0773F511514AB6200336E0C /* RollToEver.entitlements */ = {isa = PBXFileReference; lastKnownFileType = text.xml; path = RollToEver.entitlements; sourceTree = "<group>"; };
		C07A6397150A23C9008E69D2 /* iAd.framework */ = {isa = PBXFileReference; lastKnownFileType = wrapper.framework; name = iAd.framework; path = System/Library/Frameworks/iAd.framework; sourceTree = SDKROOT; };
		C07EE24D1603FA30000EFA19 /* Default.png */ = {isa = PBXFileReference; lastKnownFileType = image.png; path = Default.png; sourceTree = "<group>"; };
		C07EE24E1603FA30000EFA19 /* Default-568h@2x.png */ = {isa = PBXFileReference; lastKnownFileType = image.png; path = "Default-568h@2x.png"; sourceTree = "<group>"; };
		C07EE24F1603FA30000EFA19 /* Default@2x.png */ = {isa = PBXFileReference; lastKnownFileType = image.png; path = "Default@2x.png"; sourceTree = "<group>"; };
		C07EE30E160425F3000EFA19 /* NSDataMD5Additions.h */ = {isa = PBXFileReference; fileEncoding = 4; lastKnownFileType = sourcecode.c.h; name = NSDataMD5Additions.h; path = RollToEver/Libraries/Evernote/NSDataMD5Additions.h; sourceTree = "<group>"; };
		C07EE30F160425F3000EFA19 /* NSDataMD5Additions.m */ = {isa = PBXFileReference; fileEncoding = 4; lastKnownFileType = sourcecode.c.objc; name = NSDataMD5Additions.m; path = RollToEver/Libraries/Evernote/NSDataMD5Additions.m; sourceTree = "<group>"; };
		C07EE310160425F3000EFA19 /* NSString+MD5.h */ = {isa = PBXFileReference; fileEncoding = 4; lastKnownFileType = sourcecode.c.h; name = "NSString+MD5.h"; path = "RollToEver/Libraries/Evernote/NSString+MD5.h"; sourceTree = "<group>"; };
		C07EE311160425F3000EFA19 /* NSString+MD5.m */ = {isa = PBXFileReference; fileEncoding = 4; lastKnownFileType = sourcecode.c.objc; name = "NSString+MD5.m"; path = "RollToEver/Libraries/Evernote/NSString+MD5.m"; sourceTree = "<group>"; };
		C07EE31916042656000EFA19 /* MD5.c */ = {isa = PBXFileReference; fileEncoding = 4; lastKnownFileType = sourcecode.c.c; name = MD5.c; path = RollToEver/Libraries/Evernote/MD5.c; sourceTree = "<group>"; };
		C07EE31A16042656000EFA19 /* MD5.h */ = {isa = PBXFileReference; fileEncoding = 4; lastKnownFileType = sourcecode.c.h; name = MD5.h; path = RollToEver/Libraries/Evernote/MD5.h; sourceTree = "<group>"; };
		C07EE3221604561E000EFA19 /* EvernoteSession+Login.h */ = {isa = PBXFileReference; fileEncoding = 4; lastKnownFileType = sourcecode.c.h; name = "EvernoteSession+Login.h"; path = "RollToEver/Classes/EvernoteSession+Login.h"; sourceTree = "<group>"; };
		C07EE3231604561E000EFA19 /* EvernoteSession+Login.m */ = {isa = PBXFileReference; fileEncoding = 4; lastKnownFileType = sourcecode.c.objc; name = "EvernoteSession+Login.m"; path = "RollToEver/Classes/EvernoteSession+Login.m"; sourceTree = "<group>"; };
		C0828E4F16BE7B1100C3B7ED /* ALAssetTestUtilTest.m */ = {isa = PBXFileReference; fileEncoding = 4; lastKnownFileType = sourcecode.c.objc; path = ALAssetTestUtilTest.m; sourceTree = "<group>"; };
		C0828E5116BE7E3B00C3B7ED /* ALAssetTestUtility.h */ = {isa = PBXFileReference; fileEncoding = 4; lastKnownFileType = sourcecode.c.h; path = ALAssetTestUtility.h; sourceTree = "<group>"; };
		C0828E5216BE7E3B00C3B7ED /* ALAssetTestUtility.m */ = {isa = PBXFileReference; fileEncoding = 4; lastKnownFileType = sourcecode.c.objc; path = ALAssetTestUtility.m; sourceTree = "<group>"; };
		C0828E5F16BF2EC800C3B7ED /* ALAsset+TransformForEvernote.h */ = {isa = PBXFileReference; fileEncoding = 4; lastKnownFileType = sourcecode.c.h; name = "ALAsset+TransformForEvernote.h"; path = "RollToEver/Classes/ALAsset+TransformForEvernote.h"; sourceTree = "<group>"; };
		C0828E6016BF2EC800C3B7ED /* ALAsset+TransformForEvernote.m */ = {isa = PBXFileReference; fileEncoding = 4; lastKnownFileType = sourcecode.c.objc; name = "ALAsset+TransformForEvernote.m"; path = "RollToEver/Classes/ALAsset+TransformForEvernote.m"; sourceTree = "<group>"; };
		C0828E6A16C1514E00C3B7ED /* EDAMNote+CreateFromALAsset.h */ = {isa = PBXFileReference; fileEncoding = 4; lastKnownFileType = sourcecode.c.h; name = "EDAMNote+CreateFromALAsset.h"; path = "RollToEver/Classes/EDAMNote+CreateFromALAsset.h"; sourceTree = "<group>"; };
		C0828E6B16C1514E00C3B7ED /* EDAMNote+CreateFromALAsset.m */ = {isa = PBXFileReference; fileEncoding = 4; lastKnownFileType = sourcecode.c.objc; name = "EDAMNote+CreateFromALAsset.m"; path = "RollToEver/Classes/EDAMNote+CreateFromALAsset.m"; sourceTree = "<group>"; };
		C0828E6F16C157A200C3B7ED /* RollToEverCommonException.h */ = {isa = PBXFileReference; fileEncoding = 4; lastKnownFileType = sourcecode.c.h; name = RollToEverCommonException.h; path = RollToEver/Classes/RollToEverCommonException.h; sourceTree = "<group>"; };
		C0828E7016C157A300C3B7ED /* RollToEverCommonException.m */ = {isa = PBXFileReference; fileEncoding = 4; lastKnownFileType = sourcecode.c.objc; name = RollToEverCommonException.m; path = RollToEver/Classes/RollToEverCommonException.m; sourceTree = "<group>"; };
		C0828E7416C158F800C3B7ED /* ALAsset+TransformForEvernoteTest.m */ = {isa = PBXFileReference; fileEncoding = 4; lastKnownFileType = sourcecode.c.objc; path = "ALAsset+TransformForEvernoteTest.m"; sourceTree = "<group>"; };
		C0828E8416C1C40E00C3B7ED /* EDAMNote+CreateFromALAssetTest.m */ = {isa = PBXFileReference; fileEncoding = 4; lastKnownFileType = sourcecode.c.objc; path = "EDAMNote+CreateFromALAssetTest.m"; sourceTree = "<group>"; };
		C0828E8716C1D9EF00C3B7ED /* ALAssetsLibrary+BlockingUtility.h */ = {isa = PBXFileReference; fileEncoding = 4; lastKnownFileType = sourcecode.c.h; name = "ALAssetsLibrary+BlockingUtility.h"; path = "RollToEver/Classes/ALAssetsLibrary+BlockingUtility.h"; sourceTree = "<group>"; };
		C0828E8816C1D9EF00C3B7ED /* ALAssetsLibrary+BlockingUtility.m */ = {isa = PBXFileReference; fileEncoding = 4; lastKnownFileType = sourcecode.c.objc; name = "ALAssetsLibrary+BlockingUtility.m"; path = "RollToEver/Classes/ALAssetsLibrary+BlockingUtility.m"; sourceTree = "<group>"; };
		C0833FF214E392A700DB4144 /* CoreData.framework */ = {isa = PBXFileReference; lastKnownFileType = wrapper.framework; name = CoreData.framework; path = System/Library/Frameworks/CoreData.framework; sourceTree = SDKROOT; };
		C0833FF714E393A500DB4144 /* RollToEver.xcdatamodel */ = {isa = PBXFileReference; lastKnownFileType = wrapper.xcdatamodel; path = RollToEver.xcdatamodel; sourceTree = "<group>"; };
		C0881FAA14F29FAD00818BAE /* NSObject+InvocationUtils.h */ = {isa = PBXFileReference; fileEncoding = 4; lastKnownFileType = sourcecode.c.h; name = "NSObject+InvocationUtils.h"; path = "RollToEver/Libraries/NSObject+InvocationUtils/NSObject+InvocationUtils.h"; sourceTree = "<group>"; };
		C0881FAB14F29FAD00818BAE /* NSObject+InvocationUtils.m */ = {isa = PBXFileReference; fileEncoding = 4; lastKnownFileType = sourcecode.c.objc; name = "NSObject+InvocationUtils.m"; path = "RollToEver/Libraries/NSObject+InvocationUtils/NSObject+InvocationUtils.m"; sourceTree = "<group>"; };
		C0896A0E1505C1CC00CFABE1 /* ApplicationError.h */ = {isa = PBXFileReference; fileEncoding = 4; lastKnownFileType = sourcecode.c.h; name = ApplicationError.h; path = Classes/ApplicationError.h; sourceTree = "<group>"; };
		C0896A0F1505C1CC00CFABE1 /* ApplicationError.m */ = {isa = PBXFileReference; fileEncoding = 4; lastKnownFileType = sourcecode.c.objc; name = ApplicationError.m; path = Classes/ApplicationError.m; sourceTree = "<group>"; };
		C09709DD16C69CCC00AAE2B9 /* ALAssetsLibrary+FilteredList.h */ = {isa = PBXFileReference; fileEncoding = 4; lastKnownFileType = sourcecode.c.h; name = "ALAssetsLibrary+FilteredList.h"; path = "RollToEver/Classes/ALAssetsLibrary+FilteredList.h"; sourceTree = "<group>"; };
		C09709DE16C69CCC00AAE2B9 /* ALAssetsLibrary+FilteredList.m */ = {isa = PBXFileReference; fileEncoding = 4; lastKnownFileType = sourcecode.c.objc; name = "ALAssetsLibrary+FilteredList.m"; path = "RollToEver/Classes/ALAssetsLibrary+FilteredList.m"; sourceTree = "<group>"; };
		C09709E216C6A24300AAE2B9 /* ALAssetsLibrary+FilteredListTest.m */ = {isa = PBXFileReference; fileEncoding = 4; lastKnownFileType = sourcecode.c.objc; path = "ALAssetsLibrary+FilteredListTest.m"; sourceTree = "<group>"; };
		C09709E416C733E400AAE2B9 /* UploadedURLModelTest.m */ = {isa = PBXFileReference; fileEncoding = 4; lastKnownFileType = sourcecode.c.objc; path = UploadedURLModelTest.m; sourceTree = "<group>"; };
		C0B604A6155BFEAD003DA7F3 /* AudioToolbox.framework */ = {isa = PBXFileReference; lastKnownFileType = wrapper.framework; name = AudioToolbox.framework; path = System/Library/Frameworks/AudioToolbox.framework; sourceTree = SDKROOT; };
		C0B604A8155BFEB3003DA7F3 /* MediaPlayer.framework */ = {isa = PBXFileReference; lastKnownFileType = wrapper.framework; name = MediaPlayer.framework; path = System/Library/Frameworks/MediaPlayer.framework; sourceTree = SDKROOT; };
		C0B604AA155BFECB003DA7F3 /* MessageUI.framework */ = {isa = PBXFileReference; lastKnownFileType = wrapper.framework; name = MessageUI.framework; path = System/Library/Frameworks/MessageUI.framework; sourceTree = SDKROOT; };
		C0BC74CC14E6CCFD003B0611 /* RollToEverGHUnitTest.app */ = {isa = PBXFileReference; explicitFileType = wrapper.application; includeInIndex = 0; path = RollToEverGHUnitTest.app; sourceTree = BUILT_PRODUCTS_DIR; };
		C0BC74D314E6CCFD003B0611 /* RollToEverGHUnitTest-Info.plist */ = {isa = PBXFileReference; lastKnownFileType = text.plist.xml; path = "RollToEverGHUnitTest-Info.plist"; sourceTree = "<group>"; };
		C0BC74D514E6CCFD003B0611 /* en */ = {isa = PBXFileReference; lastKnownFileType = text.plist.strings; name = en; path = en.lproj/InfoPlist.strings; sourceTree = "<group>"; };
		C0BC74D714E6CCFD003B0611 /* main.m */ = {isa = PBXFileReference; lastKnownFileType = sourcecode.c.objc; path = main.m; sourceTree = "<group>"; };
		C0BC74D914E6CCFD003B0611 /* RollToEverGHUnitTest-Prefix.pch */ = {isa = PBXFileReference; lastKnownFileType = sourcecode.c.h; path = "RollToEverGHUnitTest-Prefix.pch"; sourceTree = "<group>"; };
		C0BC74E714E6CD64003B0611 /* GHUnitIOS.framework */ = {isa = PBXFileReference; lastKnownFileType = wrapper.framework; name = GHUnitIOS.framework; path = RollToEverGHUnitTest/GHUnitIOS.framework; sourceTree = "<group>"; };
		C0D8A927163D2FA8002FC719 /* UnsupportedFormatException.h */ = {isa = PBXFileReference; fileEncoding = 4; lastKnownFileType = sourcecode.c.h; name = UnsupportedFormatException.h; path = RollToEver/Classes/UnsupportedFormatException.h; sourceTree = "<group>"; };
		C0D8A928163D2FA8002FC719 /* UnsupportedFormatException.m */ = {isa = PBXFileReference; fileEncoding = 4; lastKnownFileType = sourcecode.c.objc; name = UnsupportedFormatException.m; path = RollToEver/Classes/UnsupportedFormatException.m; sourceTree = "<group>"; };
		C0D8A92A163D605F002FC719 /* Config.h */ = {isa = PBXFileReference; fileEncoding = 4; lastKnownFileType = sourcecode.c.h; path = Config.h; sourceTree = "<group>"; };
		C0D8A92B163D6142002FC719 /* PrivateConfig.h.sample */ = {isa = PBXFileReference; fileEncoding = 4; lastKnownFileType = text; path = PrivateConfig.h.sample; sourceTree = "<group>"; };
		C0E85A2814F6799300B3A1B4 /* ImageIO.framework */ = {isa = PBXFileReference; lastKnownFileType = wrapper.framework; name = ImageIO.framework; path = System/Library/Frameworks/ImageIO.framework; sourceTree = SDKROOT; };
		C0EE3FD316C8E29A00790727 /* EvernoteSession+LoginTest.m */ = {isa = PBXFileReference; fileEncoding = 4; lastKnownFileType = sourcecode.c.objc; path = "EvernoteSession+LoginTest.m"; sourceTree = "<group>"; };
		C0EE3FD716C9C3A500790727 /* EvernoteUploadTest.m */ = {isa = PBXFileReference; fileEncoding = 4; lastKnownFileType = sourcecode.c.objc; path = EvernoteUploadTest.m; sourceTree = "<group>"; };
		C0FA0EF1150877DF00BF7CEA /* blank_image.png */ = {isa = PBXFileReference; lastKnownFileType = image.png; name = blank_image.png; path = RollToEver/Resources/blank_image.png; sourceTree = "<group>"; };
		C0FA7D0D18653C5500173561 /* libPods.a */ = {isa = PBXFileReference; lastKnownFileType = archive.ar; name = libPods.a; path = "Pods/build/Debug-iphoneos/libPods.a"; sourceTree = "<group>"; };
		C0FA7D111865433300173561 /* libxml2.2.dylib */ = {isa = PBXFileReference; lastKnownFileType = "compiled.mach-o.dylib"; name = libxml2.2.dylib; path = usr/lib/libxml2.2.dylib; sourceTree = SDKROOT; };
		C0FAF65C1501BC9A00F2BE23 /* AboutViewControllerViewController.h */ = {isa = PBXFileReference; fileEncoding = 4; lastKnownFileType = sourcecode.c.h; name = AboutViewControllerViewController.h; path = Classes/AboutViewControllerViewController.h; sourceTree = "<group>"; };
		C0FAF65D1501BC9A00F2BE23 /* AboutViewControllerViewController.m */ = {isa = PBXFileReference; fileEncoding = 4; lastKnownFileType = sourcecode.c.objc; name = AboutViewControllerViewController.m; path = Classes/AboutViewControllerViewController.m; sourceTree = "<group>"; };
		DD49A02E702042F3A008238D /* libPods-RollToEverGHUnitTest.a */ = {isa = PBXFileReference; explicitFileType = archive.ar; includeInIndex = 0; path = "libPods-RollToEverGHUnitTest.a"; sourceTree = BUILT_PRODUCTS_DIR; };
		EC1A079D25FB4FB1AA8250FD /* Pods.xcconfig */ = {isa = PBXFileReference; includeInIndex = 1; lastKnownFileType = text.xcconfig; name = Pods.xcconfig; path = Pods/Pods.xcconfig; sourceTree = "<group>"; };
/* End PBXFileReference section */

/* Begin PBXFrameworksBuildPhase section */
		C039B0FD14DF79D300F4169E /* Frameworks */ = {
			isa = PBXFrameworksBuildPhase;
			buildActionMask = 2147483647;
			files = (
				C0AA4E6D16EB7B9800D91257 /* CoreLocation.framework in Frameworks */,
				C08582371616CF6100D0092B /* CoreGraphics.framework in Frameworks */,
				C08AA3401524C3AB004324DA /* SystemConfiguration.framework in Frameworks */,
				C0E85A2914F6799300B3A1B4 /* ImageIO.framework in Frameworks */,
				C0E85A2714F6798000B3A1B4 /* MobileCoreServices.framework in Frameworks */,
				C000DD7114E8E44500DDD8C8 /* Security.framework in Frameworks */,
				C0833FF314E392A700DB4144 /* CoreData.framework in Frameworks */,
				C039B14614DF8A9E00F4169E /* AssetsLibrary.framework in Frameworks */,
				C039B10514DF79D300F4169E /* UIKit.framework in Frameworks */,
				C039B10714DF79D300F4169E /* Foundation.framework in Frameworks */,
				32E89C339F7E49BB921674A9 /* libPods.a in Frameworks */,
			);
			runOnlyForDeploymentPostprocessing = 0;
		};
		C0BC74C914E6CCFD003B0611 /* Frameworks */ = {
			isa = PBXFrameworksBuildPhase;
			buildActionMask = 2147483647;
			files = (
				C0FA7D121865433300173561 /* libxml2.2.dylib in Frameworks */,
				C0FA7D0F1865402500173561 /* CoreLocation.framework in Frameworks */,
				C0E85A2B14F679A400B3A1B4 /* MobileCoreServices.framework in Frameworks */,
				C0E85A2A14F6799E00B3A1B4 /* ImageIO.framework in Frameworks */,
				C000DD7014E8E43900DDD8C8 /* Security.framework in Frameworks */,
				C04F82DB14E7A00A00C9D1FE /* AssetsLibrary.framework in Frameworks */,
				C0BC74EF14E6CF1D003B0611 /* CoreData.framework in Frameworks */,
				C0BC74CE14E6CCFD003B0611 /* UIKit.framework in Frameworks */,
				C0BC74CF14E6CCFD003B0611 /* Foundation.framework in Frameworks */,
				C0BC74D014E6CCFD003B0611 /* CoreGraphics.framework in Frameworks */,
				C0FA7D0E18653C5500173561 /* libPods.a in Frameworks */,
				FE238778C81F4CC983FE0123 /* libPods-RollToEverGHUnitTest.a in Frameworks */,
			);
			runOnlyForDeploymentPostprocessing = 0;
		};
/* End PBXFrameworksBuildPhase section */

/* Begin PBXGroup section */
		C039B0F514DF79D300F4169E = {
			isa = PBXGroup;
			children = (
				C0D8A92B163D6142002FC719 /* PrivateConfig.h.sample */,
				C03DC274163D63D2004D3B75 /* PrivateConfig.h */,
				C0D8A92A163D605F002FC719 /* Config.h */,
				C039B10A14DF79D300F4169E /* ViewControllers */,
				C0BC743E14E5FEE0003B0611 /* Classes */,
				C0B604B2155C0607003DA7F3 /* Tests */,
				C039B10314DF79D300F4169E /* Frameworks */,
				C039B10B14DF79D300F4169E /* Supporting Files */,
				C0E85A0A14F52EE300B3A1B4 /* Resources */,
				C039B10114DF79D300F4169E /* Products */,
				EC1A079D25FB4FB1AA8250FD /* Pods.xcconfig */,
				35EDF444ADE24F48B5E2D9CE /* Pods-RollToEverGHUnitTest.xcconfig */,
			);
			sourceTree = "<group>";
		};
		C039B10114DF79D300F4169E /* Products */ = {
			isa = PBXGroup;
			children = (
				C039B10014DF79D300F4169E /* RollToEver.app */,
				C0BC74CC14E6CCFD003B0611 /* RollToEverGHUnitTest.app */,
			);
			name = Products;
			sourceTree = "<group>";
		};
		C039B10314DF79D300F4169E /* Frameworks */ = {
			isa = PBXGroup;
			children = (
				C0FA7D111865433300173561 /* libxml2.2.dylib */,
				C0FA7D0D18653C5500173561 /* libPods.a */,
				C074D17114ED48070077C201 /* libz.dylib */,
				C074D16F14ED47FE0077C201 /* libxml2.dylib */,
				C0E85A2814F6799300B3A1B4 /* ImageIO.framework */,
				C074D17314ED48760077C201 /* MobileCoreServices.framework */,
				C074D16914ED46360077C201 /* CFNetwork.framework */,
				C074D16714ED46310077C201 /* SystemConfiguration.framework */,
				C039B10414DF79D300F4169E /* UIKit.framework */,
				C039B10614DF79D300F4169E /* Foundation.framework */,
				C039B14514DF8A9E00F4169E /* AssetsLibrary.framework */,
				C039B10814DF79D300F4169E /* CoreGraphics.framework */,
				C0833FF214E392A700DB4144 /* CoreData.framework */,
				C000DDBB14E966B000DDD8C8 /* CoreLocation.framework */,
				C000DD6F14E8E43900DDD8C8 /* Security.framework */,
				C07A6397150A23C9008E69D2 /* iAd.framework */,
				C0BC74E714E6CD64003B0611 /* GHUnitIOS.framework */,
				C039B12214DF79D400F4169E /* SenTestingKit.framework */,
				C0B604A8155BFEB3003DA7F3 /* MediaPlayer.framework */,
				C0B604A6155BFEAD003DA7F3 /* AudioToolbox.framework */,
				C0B604AA155BFECB003DA7F3 /* MessageUI.framework */,
				692402F750A943D5BF471005 /* libPods.a */,
				DD49A02E702042F3A008238D /* libPods-RollToEverGHUnitTest.a */,
			);
			name = Frameworks;
			sourceTree = "<group>";
		};
		C039B10A14DF79D300F4169E /* ViewControllers */ = {
			isa = PBXGroup;
			children = (
				C039B11614DF79D300F4169E /* MainStoryboard.storyboard */,
				C039CDED14F68BD400948DC6 /* AppDelegate.h */,
				C039CDEE14F68BD400948DC6 /* AppDelegate.m */,
				C039CE0414F68BD500948DC6 /* MainViewController.h */,
				C039CE0514F68BD500948DC6 /* MainViewController.m */,
				C039CE2614F6911700948DC6 /* UploadViewController.h */,
				C039CE2714F6911700948DC6 /* UploadViewController.m */,
				C039CDFC14F68BD500948DC6 /* SettingsTableViewController.h */,
				C039CDFD14F68BD500948DC6 /* SettingsTableViewController.m */,
				C039CDF614F68BD500948DC6 /* NotebookTableViewController.h */,
				C039CDF714F68BD500948DC6 /* NotebookTableViewController.m */,
				C0FAF65C1501BC9A00F2BE23 /* AboutViewControllerViewController.h */,
				C0FAF65D1501BC9A00F2BE23 /* AboutViewControllerViewController.m */,
				C03EF55C16056BEB000703BD /* TestViewController.h */,
				C03EF55D16056BEB000703BD /* TestViewController.m */,
				C039CDF814F68BD500948DC6 /* PhotoUploader.h */,
				C039CDF914F68BD500948DC6 /* PhotoUploader.m */,
				C0896A0E1505C1CC00CFABE1 /* ApplicationError.h */,
				C0896A0F1505C1CC00CFABE1 /* ApplicationError.m */,
				C039CE0214F68BD500948DC6 /* UserSettings.h */,
				C039CE0314F68BD500948DC6 /* UserSettings.m */,
			);
			name = ViewControllers;
			path = RollToEver;
			sourceTree = "<group>";
		};
		C039B10B14DF79D300F4169E /* Supporting Files */ = {
			isa = PBXGroup;
			children = (
				C0773F511514AB6200336E0C /* RollToEver.entitlements */,
				C060506014FF38FF001A41B7 /* Localizable.strings */,
				C039CDF514F68BD400948DC6 /* main.m */,
				C039B10C14DF79D300F4169E /* RollToEver-Info.plist */,
				C039B10D14DF79D300F4169E /* InfoPlist.strings */,
				C039B11214DF79D300F4169E /* RollToEver-Prefix.pch */,
				C0833FF614E393A500DB4144 /* RollToEver.xcdatamodeld */,
			);
			name = "Supporting Files";
			path = RollToEver;
			sourceTree = "<group>";
		};
		C07EE30C160425CF000EFA19 /* Evernote */ = {
			isa = PBXGroup;
			children = (
				C07EE31916042656000EFA19 /* MD5.c */,
				C07EE31A16042656000EFA19 /* MD5.h */,
				C07EE30E160425F3000EFA19 /* NSDataMD5Additions.h */,
				C07EE30F160425F3000EFA19 /* NSDataMD5Additions.m */,
				C07EE310160425F3000EFA19 /* NSString+MD5.h */,
				C07EE311160425F3000EFA19 /* NSString+MD5.m */,
			);
			name = Evernote;
			sourceTree = "<group>";
		};
		C0828E7616C15E5900C3B7ED /* Utility */ = {
			isa = PBXGroup;
			children = (
				C0828E5116BE7E3B00C3B7ED /* ALAssetTestUtility.h */,
				C0828E5216BE7E3B00C3B7ED /* ALAssetTestUtility.m */,
			);
			name = Utility;
			sourceTree = "<group>";
		};
		C0881FA814F29F9B00818BAE /* NSObject+InvocationUtils */ = {
			isa = PBXGroup;
			children = (
				C0881FAA14F29FAD00818BAE /* NSObject+InvocationUtils.h */,
				C0881FAB14F29FAD00818BAE /* NSObject+InvocationUtils.m */,
			);
			name = "NSObject+InvocationUtils";
			sourceTree = "<group>";
		};
		C09709DC16C663CE00AAE2B9 /* Exceptions */ = {
			isa = PBXGroup;
			children = (
				C0D8A927163D2FA8002FC719 /* UnsupportedFormatException.h */,
				C0D8A928163D2FA8002FC719 /* UnsupportedFormatException.m */,
				C0828E6F16C157A200C3B7ED /* RollToEverCommonException.h */,
				C0828E7016C157A300C3B7ED /* RollToEverCommonException.m */,
			);
			name = Exceptions;
			sourceTree = "<group>";
		};
		C0B604A4155BFC52003DA7F3 /* Utilities */ = {
			isa = PBXGroup;
			children = (
				C0773F411513951E00336E0C /* GCDSingleton.h */,
				C07EE30C160425CF000EFA19 /* Evernote */,
				C0881FA814F29F9B00818BAE /* NSObject+InvocationUtils */,
			);
			name = Utilities;
			sourceTree = "<group>";
		};
		C0B604B2155C0607003DA7F3 /* Tests */ = {
			isa = PBXGroup;
			children = (
				C0BC74D114E6CCFD003B0611 /* RollToEverGHUnitTest */,
			);
			name = Tests;
			sourceTree = "<group>";
		};
		C0BC743E14E5FEE0003B0611 /* Classes */ = {
			isa = PBXGroup;
			children = (
				C09709DC16C663CE00AAE2B9 /* Exceptions */,
				C0EE3FD216C85CE400790727 /* Evernote */,
				C0EE3FD116C85CBD00790727 /* AssetsLibrary */,
				C0B604A4155BFC52003DA7F3 /* Utilities */,
			);
			name = Classes;
			sourceTree = "<group>";
		};
		C0BC74D114E6CCFD003B0611 /* RollToEverGHUnitTest */ = {
			isa = PBXGroup;
			children = (
				C0828E7616C15E5900C3B7ED /* Utility */,
				C0BC74D214E6CCFD003B0611 /* Supporting Files */,
				C0828E4F16BE7B1100C3B7ED /* ALAssetTestUtilTest.m */,
				C0828E7416C158F800C3B7ED /* ALAsset+TransformForEvernoteTest.m */,
				C0828E8416C1C40E00C3B7ED /* EDAMNote+CreateFromALAssetTest.m */,
				C0089A7316C65BE30009213C /* ALAssetsLibrary+BlockingUtilityTest.m */,
				C09709E216C6A24300AAE2B9 /* ALAssetsLibrary+FilteredListTest.m */,
				C09709E416C733E400AAE2B9 /* UploadedURLModelTest.m */,
				C0EE3FD316C8E29A00790727 /* EvernoteSession+LoginTest.m */,
				C0EE3FD716C9C3A500790727 /* EvernoteUploadTest.m */,
				C062281216CFC4C400C049DF /* UserSettingsTest.m */,
				C062281416CFE82500C049DF /* EDAMNoteStoreClient+WithDelegateTest.m */,
				C062281616CFE83C00C049DF /* EDAMUserStoreClient+WithDelegateTest.m */,
			);
			path = RollToEverGHUnitTest;
			sourceTree = "<group>";
		};
		C0BC74D214E6CCFD003B0611 /* Supporting Files */ = {
			isa = PBXGroup;
			children = (
				C0BC74D314E6CCFD003B0611 /* RollToEverGHUnitTest-Info.plist */,
				C0BC74D414E6CCFD003B0611 /* InfoPlist.strings */,
				C0BC74D714E6CCFD003B0611 /* main.m */,
				C04F82E014E7B15F00C9D1FE /* MyGHUnitIOSAppDelegate.h */,
				C04F82E114E7B15F00C9D1FE /* MyGHUnitIOSAppDelegate.m */,
				C0BC74D914E6CCFD003B0611 /* RollToEverGHUnitTest-Prefix.pch */,
			);
			name = "Supporting Files";
			sourceTree = "<group>";
		};
		C0E85A0A14F52EE300B3A1B4 /* Resources */ = {
			isa = PBXGroup;
			children = (
				C0FA0EF1150877DF00BF7CEA /* blank_image.png */,
				C00AA8681506FE5900415DA7 /* Icon@2x.png */,
				C00AA8661506FE4D00415DA7 /* Icon.png */,
				C066C6E01506EF1900D1188B /* logo.png */,
				C0192E8814FFC43400DEC1F7 /* uploadbutton.png */,
				C0E85A0C14F52EF900B3A1B4 /* Splashes */,
				C0E85A0B14F52EEE00B3A1B4 /* Icons */,
			);
			name = Resources;
			sourceTree = "<group>";
		};
		C0E85A0B14F52EEE00B3A1B4 /* Icons */ = {
			isa = PBXGroup;
			children = (
				C039CDD514F68B9E00948DC6 /* Icon-72.png */,
				C039CDD614F68B9E00948DC6 /* Icon-Small-50.png */,
				C039CDD714F68B9E00948DC6 /* Icon-Small.png */,
				C039CDD814F68B9E00948DC6 /* Icon-Small@2x.png */,
				C039CDDB14F68B9E00948DC6 /* iTunesArtwork */,
			);
			name = Icons;
			sourceTree = "<group>";
		};
		C0E85A0C14F52EF900B3A1B4 /* Splashes */ = {
			isa = PBXGroup;
			children = (
				C07EE24D1603FA30000EFA19 /* Default.png */,
				C07EE24E1603FA30000EFA19 /* Default-568h@2x.png */,
				C07EE24F1603FA30000EFA19 /* Default@2x.png */,
			);
			name = Splashes;
			sourceTree = "<group>";
		};
		C0EE3FD116C85CBD00790727 /* AssetsLibrary */ = {
			isa = PBXGroup;
			children = (
				C0828E8716C1D9EF00C3B7ED /* ALAssetsLibrary+BlockingUtility.h */,
				C0828E8816C1D9EF00C3B7ED /* ALAssetsLibrary+BlockingUtility.m */,
				C09709DD16C69CCC00AAE2B9 /* ALAssetsLibrary+FilteredList.h */,
				C09709DE16C69CCC00AAE2B9 /* ALAssetsLibrary+FilteredList.m */,
				C0828E5F16BF2EC800C3B7ED /* ALAsset+TransformForEvernote.h */,
				C0828E6016BF2EC800C3B7ED /* ALAsset+TransformForEvernote.m */,
				C039CDF314F68BD400948DC6 /* UploadedURLModel.h */,
				C039CDF414F68BD400948DC6 /* UploadedURLModel.m */,
			);
			name = AssetsLibrary;
			sourceTree = "<group>";
		};
		C0EE3FD216C85CE400790727 /* Evernote */ = {
			isa = PBXGroup;
			children = (
				C07EE3221604561E000EFA19 /* EvernoteSession+Login.h */,
				C07EE3231604561E000EFA19 /* EvernoteSession+Login.m */,
				C0828E6A16C1514E00C3B7ED /* EDAMNote+CreateFromALAsset.h */,
				C0828E6B16C1514E00C3B7ED /* EDAMNote+CreateFromALAsset.m */,
				C039CDFE14F68BD500948DC6 /* THTTPAsyncClient.h */,
				C039CDFF14F68BD500948DC6 /* THTTPAsyncClient.m */,
				C062280816CFB85E00C049DF /* EDAMNoteStoreClient+WithDelegate.h */,
				C062280916CFB85E00C049DF /* EDAMNoteStoreClient+WithDelegate.m */,
				C062280D16CFB88C00C049DF /* EDAMUserStoreClient+WithDelegate.h */,
				C062280E16CFB88D00C049DF /* EDAMUserStoreClient+WithDelegate.m */,
			);
			name = Evernote;
			sourceTree = "<group>";
		};
/* End PBXGroup section */

/* Begin PBXNativeTarget section */
		C039B0FF14DF79D300F4169E /* RollToEver */ = {
			isa = PBXNativeTarget;
			buildConfigurationList = C039B13314DF79D400F4169E /* Build configuration list for PBXNativeTarget "RollToEver" */;
			buildPhases = (
				C4BE1E04146F47D4AD22AA95 /* Check Pods Manifest.lock */,
				C039B0FC14DF79D300F4169E /* Sources */,
				C039B0FD14DF79D300F4169E /* Frameworks */,
				C039B0FE14DF79D300F4169E /* Resources */,
				FAFDFB629D194509B0341AFF /* Copy Pods Resources */,
			);
			buildRules = (
			);
			dependencies = (
			);
			name = RollToEver;
			productName = RollToEver;
			productReference = C039B10014DF79D300F4169E /* RollToEver.app */;
			productType = "com.apple.product-type.application";
		};
		C0BC74CB14E6CCFD003B0611 /* RollToEverGHUnitTest */ = {
			isa = PBXNativeTarget;
			buildConfigurationList = C0BC74E514E6CCFD003B0611 /* Build configuration list for PBXNativeTarget "RollToEverGHUnitTest" */;
			buildPhases = (
				9FAEEDB488DF4D52B07E8668 /* Check Pods Manifest.lock */,
				C0BC74C814E6CCFD003B0611 /* Sources */,
				C0BC74C914E6CCFD003B0611 /* Frameworks */,
				C0BC74CA14E6CCFD003B0611 /* Resources */,
				F441A4A94E754AC8868BFA8B /* Copy Pods Resources */,
			);
			buildRules = (
			);
			dependencies = (
				C0BC74F214E6CF64003B0611 /* PBXTargetDependency */,
			);
			name = RollToEverGHUnitTest;
			productName = RollToEverGHUnitTest;
			productReference = C0BC74CC14E6CCFD003B0611 /* RollToEverGHUnitTest.app */;
			productType = "com.apple.product-type.application";
		};
/* End PBXNativeTarget section */

/* Begin PBXProject section */
		C039B0F714DF79D300F4169E /* Project object */ = {
			isa = PBXProject;
			attributes = {
				LastUpgradeCheck = 0500;
				ORGANIZATIONNAME = fifnel;
				TargetAttributes = {
					C0BC74CB14E6CCFD003B0611 = {
						DevelopmentTeam = 85EGNJEJGQ;
						SystemCapabilities = {
							com.apple.InAppPurchase = {
								enabled = 0;
							};
						};
					};
				};
			};
			buildConfigurationList = C039B0FA14DF79D300F4169E /* Build configuration list for PBXProject "RollToEver" */;
			compatibilityVersion = "Xcode 3.2";
			developmentRegion = English;
			hasScannedForEncodings = 0;
			knownRegions = (
				en,
				ja,
			);
			mainGroup = C039B0F514DF79D300F4169E;
			productRefGroup = C039B10114DF79D300F4169E /* Products */;
			projectDirPath = "";
			projectRoot = "";
			targets = (
				C039B0FF14DF79D300F4169E /* RollToEver */,
				C0BC74CB14E6CCFD003B0611 /* RollToEverGHUnitTest */,
			);
		};
/* End PBXProject section */

/* Begin PBXResourcesBuildPhase section */
		C039B0FE14DF79D300F4169E /* Resources */ = {
			isa = PBXResourcesBuildPhase;
			buildActionMask = 2147483647;
			files = (
				C039B10F14DF79D300F4169E /* InfoPlist.strings in Resources */,
				C039B11814DF79D300F4169E /* MainStoryboard.storyboard in Resources */,
				C039CDE014F68B9E00948DC6 /* Icon-72.png in Resources */,
				C039CDE114F68B9E00948DC6 /* Icon-Small-50.png in Resources */,
				C039CDE214F68B9E00948DC6 /* Icon-Small.png in Resources */,
				C039CDE314F68B9E00948DC6 /* Icon-Small@2x.png in Resources */,
				C039CDE614F68B9E00948DC6 /* iTunesArtwork in Resources */,
				C060505D14FF38FF001A41B7 /* Localizable.strings in Resources */,
				C0192E8914FFC43400DEC1F7 /* uploadbutton.png in Resources */,
				C066C6E11506EF1900D1188B /* logo.png in Resources */,
				C00AA8671506FE4D00415DA7 /* Icon.png in Resources */,
				C00AA8691506FE5900415DA7 /* Icon@2x.png in Resources */,
				C0FA0EF2150877DF00BF7CEA /* blank_image.png in Resources */,
				C07EE2501603FA30000EFA19 /* Default.png in Resources */,
				C07EE2511603FA30000EFA19 /* Default-568h@2x.png in Resources */,
				C07EE2521603FA30000EFA19 /* Default@2x.png in Resources */,
			);
			runOnlyForDeploymentPostprocessing = 0;
		};
		C0BC74CA14E6CCFD003B0611 /* Resources */ = {
			isa = PBXResourcesBuildPhase;
			buildActionMask = 2147483647;
			files = (
				C0BC74D614E6CCFD003B0611 /* InfoPlist.strings in Resources */,
				C060505E14FF38FF001A41B7 /* Localizable.strings in Resources */,
				C0192E8A14FFC43400DEC1F7 /* uploadbutton.png in Resources */,
				C07EE2471603F84F000EFA19 /* Icon.png in Resources */,
				C07EE2481603F854000EFA19 /* Icon@2x.png in Resources */,
				C07EE2531603FA4E000EFA19 /* Default.png in Resources */,
				C07EE2541603FA61000EFA19 /* Default-568h@2x.png in Resources */,
				C07EE2551603FA69000EFA19 /* Default@2x.png in Resources */,
			);
			runOnlyForDeploymentPostprocessing = 0;
		};
/* End PBXResourcesBuildPhase section */

/* Begin PBXShellScriptBuildPhase section */
		9FAEEDB488DF4D52B07E8668 /* Check Pods Manifest.lock */ = {
			isa = PBXShellScriptBuildPhase;
			buildActionMask = 2147483647;
			files = (
			);
			inputPaths = (
			);
			name = "Check Pods Manifest.lock";
			outputPaths = (
			);
			runOnlyForDeploymentPostprocessing = 0;
			shellPath = /bin/sh;
			shellScript = "diff \"${PODS_ROOT}/../Podfile.lock\" \"${PODS_ROOT}/Manifest.lock\" > /dev/null\nif [[ $? != 0 ]] ; then\n    cat << EOM\nerror: The sandbox is not in sync with the Podfile.lock. Run 'pod install' or update your CocoaPods installation.\nEOM\n    exit 1\nfi\n";
			showEnvVarsInLog = 0;
		};
		C4BE1E04146F47D4AD22AA95 /* Check Pods Manifest.lock */ = {
			isa = PBXShellScriptBuildPhase;
			buildActionMask = 2147483647;
			files = (
			);
			inputPaths = (
			);
			name = "Check Pods Manifest.lock";
			outputPaths = (
			);
			runOnlyForDeploymentPostprocessing = 0;
			shellPath = /bin/sh;
			shellScript = "diff \"${PODS_ROOT}/../Podfile.lock\" \"${PODS_ROOT}/Manifest.lock\" > /dev/null\nif [[ $? != 0 ]] ; then\n    cat << EOM\nerror: The sandbox is not in sync with the Podfile.lock. Run 'pod install' or update your CocoaPods installation.\nEOM\n    exit 1\nfi\n";
			showEnvVarsInLog = 0;
		};
		F441A4A94E754AC8868BFA8B /* Copy Pods Resources */ = {
			isa = PBXShellScriptBuildPhase;
			buildActionMask = 2147483647;
			files = (
			);
			inputPaths = (
			);
			name = "Copy Pods Resources";
			outputPaths = (
			);
			runOnlyForDeploymentPostprocessing = 0;
			shellPath = /bin/sh;
			shellScript = "\"${SRCROOT}/Pods/Pods-RollToEverGHUnitTest-resources.sh\"\n";
			showEnvVarsInLog = 0;
		};
		FAFDFB629D194509B0341AFF /* Copy Pods Resources */ = {
			isa = PBXShellScriptBuildPhase;
			buildActionMask = 2147483647;
			files = (
			);
			inputPaths = (
			);
			name = "Copy Pods Resources";
			outputPaths = (
			);
			runOnlyForDeploymentPostprocessing = 0;
			shellPath = /bin/sh;
			shellScript = "\"${SRCROOT}/Pods/Pods-resources.sh\"\n";
			showEnvVarsInLog = 0;
		};
/* End PBXShellScriptBuildPhase section */

/* Begin PBXSourcesBuildPhase section */
		C039B0FC14DF79D300F4169E /* Sources */ = {
			isa = PBXSourcesBuildPhase;
			buildActionMask = 2147483647;
			files = (
				C0833FF814E393A500DB4144 /* RollToEver.xcdatamodeld in Sources */,
				C039CE1414F68BD500948DC6 /* main.m in Sources */,
				C039CE0C14F68BD500948DC6 /* AppDelegate.m in Sources */,
				C039CE1214F68BD500948DC6 /* UploadedURLModel.m in Sources */,
				C039CE1614F68BD500948DC6 /* NotebookTableViewController.m in Sources */,
				C039CE1814F68BD500948DC6 /* PhotoUploader.m in Sources */,
				C039CE1C14F68BD500948DC6 /* SettingsTableViewController.m in Sources */,
				C039CE1E14F68BD500948DC6 /* THTTPAsyncClient.m in Sources */,
				C039CE2214F68BD500948DC6 /* UserSettings.m in Sources */,
				C039CE2414F68BD500948DC6 /* MainViewController.m in Sources */,
				C039CE2814F6911700948DC6 /* UploadViewController.m in Sources */,
				C0FAF65E1501BC9A00F2BE23 /* AboutViewControllerViewController.m in Sources */,
				C0896A101505C1CC00CFABE1 /* ApplicationError.m in Sources */,
				C0881FAC14F29FAD00818BAE /* NSObject+InvocationUtils.m in Sources */,
				C07EE312160425F3000EFA19 /* NSDataMD5Additions.m in Sources */,
				C07EE315160425F3000EFA19 /* NSString+MD5.m in Sources */,
				C07EE31E16042656000EFA19 /* MD5.c in Sources */,
				C07EE3241604561F000EFA19 /* EvernoteSession+Login.m in Sources */,
				C03EF55E16056BEB000703BD /* TestViewController.m in Sources */,
				C0D8A929163D2FA8002FC719 /* UnsupportedFormatException.m in Sources */,
				C0828E6116BF2EC800C3B7ED /* ALAsset+TransformForEvernote.m in Sources */,
				C0828E6C16C1514E00C3B7ED /* EDAMNote+CreateFromALAsset.m in Sources */,
				C0828E7116C157A300C3B7ED /* RollToEverCommonException.m in Sources */,
				C0828E8916C1D9EF00C3B7ED /* ALAssetsLibrary+BlockingUtility.m in Sources */,
				C09709DF16C69CCC00AAE2B9 /* ALAssetsLibrary+FilteredList.m in Sources */,
				C062280A16CFB85E00C049DF /* EDAMNoteStoreClient+WithDelegate.m in Sources */,
				C062280F16CFB88D00C049DF /* EDAMUserStoreClient+WithDelegate.m in Sources */,
			);
			runOnlyForDeploymentPostprocessing = 0;
		};
		C0BC74C814E6CCFD003B0611 /* Sources */ = {
			isa = PBXSourcesBuildPhase;
			buildActionMask = 2147483647;
			files = (
				C0828E8616C1C6C800C3B7ED /* EDAMNote+CreateFromALAssetTest.m in Sources */,
				C000DD6114E7BB5F00DDD8C8 /* RollToEver.xcdatamodeld in Sources */,
				C0BC74D814E6CCFD003B0611 /* main.m in Sources */,
				C04F82E214E7B15F00C9D1FE /* MyGHUnitIOSAppDelegate.m in Sources */,
				C0881FAD14F29FAD00818BAE /* NSObject+InvocationUtils.m in Sources */,
				C039CE0D14F68BD500948DC6 /* AppDelegate.m in Sources */,
				C039CE1314F68BD500948DC6 /* UploadedURLModel.m in Sources */,
				C039CE1714F68BD500948DC6 /* NotebookTableViewController.m in Sources */,
				C039CE1914F68BD500948DC6 /* PhotoUploader.m in Sources */,
				C039CE1D14F68BD500948DC6 /* SettingsTableViewController.m in Sources */,
				C039CE1F14F68BD500948DC6 /* THTTPAsyncClient.m in Sources */,
				C039CE2314F68BD500948DC6 /* UserSettings.m in Sources */,
				C039CE2514F68BD500948DC6 /* MainViewController.m in Sources */,
				C039CE2914F6911700948DC6 /* UploadViewController.m in Sources */,
				C07EE2461603F839000EFA19 /* ApplicationError.m in Sources */,
				C07EE314160425F3000EFA19 /* NSDataMD5Additions.m in Sources */,
				C07EE317160425F3000EFA19 /* NSString+MD5.m in Sources */,
				C07EE32016042656000EFA19 /* MD5.c in Sources */,
				C07EE3261604561F000EFA19 /* EvernoteSession+Login.m in Sources */,
				C0828E4E16BE772000C3B7ED /* UnsupportedFormatException.m in Sources */,
				C0828E5016BE7B1100C3B7ED /* ALAssetTestUtilTest.m in Sources */,
				C0828E5316BE7E3B00C3B7ED /* ALAssetTestUtility.m in Sources */,
				C0828E6316BF2EC800C3B7ED /* ALAsset+TransformForEvernote.m in Sources */,
				C0828E6E16C1514E00C3B7ED /* EDAMNote+CreateFromALAsset.m in Sources */,
				C0828E7316C157A300C3B7ED /* RollToEverCommonException.m in Sources */,
				C0828E7516C158F800C3B7ED /* ALAsset+TransformForEvernoteTest.m in Sources */,
				C0828E8B16C1D9EF00C3B7ED /* ALAssetsLibrary+BlockingUtility.m in Sources */,
				C0089A7416C65BE30009213C /* ALAssetsLibrary+BlockingUtilityTest.m in Sources */,
				C09709E116C69CCC00AAE2B9 /* ALAssetsLibrary+FilteredList.m in Sources */,
				C09709E316C6A24300AAE2B9 /* ALAssetsLibrary+FilteredListTest.m in Sources */,
				C09709E616C7342400AAE2B9 /* UploadedURLModelTest.m in Sources */,
				C0EE3FD416C8E29A00790727 /* EvernoteSession+LoginTest.m in Sources */,
				C0EE3FD816C9C3A500790727 /* EvernoteUploadTest.m in Sources */,
				C062280C16CFB85E00C049DF /* EDAMNoteStoreClient+WithDelegate.m in Sources */,
				C062281116CFB88D00C049DF /* EDAMUserStoreClient+WithDelegate.m in Sources */,
				C062281316CFC4C400C049DF /* UserSettingsTest.m in Sources */,
				C062281516CFE82600C049DF /* EDAMNoteStoreClient+WithDelegateTest.m in Sources */,
				C062281716CFE83D00C049DF /* EDAMUserStoreClient+WithDelegateTest.m in Sources */,
			);
			runOnlyForDeploymentPostprocessing = 0;
		};
/* End PBXSourcesBuildPhase section */

/* Begin PBXTargetDependency section */
		C0BC74F214E6CF64003B0611 /* PBXTargetDependency */ = {
			isa = PBXTargetDependency;
			target = C039B0FF14DF79D300F4169E /* RollToEver */;
			targetProxy = C0BC74F114E6CF64003B0611 /* PBXContainerItemProxy */;
		};
/* End PBXTargetDependency section */

/* Begin PBXVariantGroup section */
		C039B10D14DF79D300F4169E /* InfoPlist.strings */ = {
			isa = PBXVariantGroup;
			children = (
				C039B10E14DF79D300F4169E /* en */,
			);
			name = InfoPlist.strings;
			sourceTree = "<group>";
		};
		C039B11614DF79D300F4169E /* MainStoryboard.storyboard */ = {
			isa = PBXVariantGroup;
			children = (
				C039B11714DF79D300F4169E /* en */,
			);
			name = MainStoryboard.storyboard;
			sourceTree = "<group>";
		};
		C060506014FF38FF001A41B7 /* Localizable.strings */ = {
			isa = PBXVariantGroup;
			children = (
				C060505F14FF38FF001A41B7 /* en */,
				C060506114FF3909001A41B7 /* ja */,
			);
			name = Localizable.strings;
			sourceTree = "<group>";
		};
		C0BC74D414E6CCFD003B0611 /* InfoPlist.strings */ = {
			isa = PBXVariantGroup;
			children = (
				C0BC74D514E6CCFD003B0611 /* en */,
			);
			name = InfoPlist.strings;
			sourceTree = "<group>";
		};
/* End PBXVariantGroup section */

/* Begin XCBuildConfiguration section */
		C039B13114DF79D400F4169E /* Debug */ = {
			isa = XCBuildConfiguration;
			baseConfigurationReference = EC1A079D25FB4FB1AA8250FD /* Pods.xcconfig */;
			buildSettings = {
				CLANG_ENABLE_OBJC_ARC = YES;
				CLANG_WARN_BOOL_CONVERSION = YES;
				CLANG_WARN_CONSTANT_CONVERSION = YES;
				CLANG_WARN_EMPTY_BODY = YES;
				CLANG_WARN_ENUM_CONVERSION = YES;
				CLANG_WARN_INT_CONVERSION = YES;
				CLANG_WARN__DUPLICATE_METHOD_MATCH = YES;
				CODE_SIGN_IDENTITY = "iPhone Developer";
				"CODE_SIGN_IDENTITY[sdk=iphoneos*]" = "iPhone Developer";
				GCC_C_LANGUAGE_STANDARD = gnu99;
				GCC_DYNAMIC_NO_PIC = NO;
				GCC_OPTIMIZATION_LEVEL = 0;
				GCC_PREPROCESSOR_DEFINITIONS = (
					"DEBUG=1",
					"$(inherited)",
				);
				GCC_SYMBOLS_PRIVATE_EXTERN = NO;
				GCC_VERSION = com.apple.compilers.llvm.clang.1_0;
				GCC_WARN_64_TO_32_BIT_CONVERSION = YES;
				GCC_WARN_ABOUT_MISSING_PROTOTYPES = YES;
				GCC_WARN_ABOUT_RETURN_TYPE = YES;
				GCC_WARN_UNDECLARED_SELECTOR = YES;
				GCC_WARN_UNINITIALIZED_AUTOS = YES;
				GCC_WARN_UNUSED_FUNCTION = YES;
				GCC_WARN_UNUSED_VARIABLE = YES;
				IPHONEOS_DEPLOYMENT_TARGET = 6.0;
				ONLY_ACTIVE_ARCH = YES;
				PROVISIONING_PROFILE = "";
				SDKROOT = iphoneos;
				USER_HEADER_SEARCH_PATHS = "";
				VALID_ARCHS = armv7;
			};
			name = Debug;
		};
		C039B13214DF79D400F4169E /* Release */ = {
			isa = XCBuildConfiguration;
			baseConfigurationReference = EC1A079D25FB4FB1AA8250FD /* Pods.xcconfig */;
			buildSettings = {
				CLANG_ENABLE_OBJC_ARC = YES;
				CLANG_WARN_BOOL_CONVERSION = YES;
				CLANG_WARN_CONSTANT_CONVERSION = YES;
				CLANG_WARN_EMPTY_BODY = YES;
				CLANG_WARN_ENUM_CONVERSION = YES;
				CLANG_WARN_INT_CONVERSION = YES;
				CLANG_WARN__DUPLICATE_METHOD_MATCH = YES;
				CODE_SIGN_IDENTITY = "iPhone Distribution";
				"CODE_SIGN_IDENTITY[sdk=iphoneos*]" = "iPhone Distribution";
				GCC_C_LANGUAGE_STANDARD = gnu99;
				GCC_VERSION = com.apple.compilers.llvm.clang.1_0;
				GCC_WARN_64_TO_32_BIT_CONVERSION = YES;
				GCC_WARN_ABOUT_MISSING_PROTOTYPES = YES;
				GCC_WARN_ABOUT_RETURN_TYPE = YES;
				GCC_WARN_UNDECLARED_SELECTOR = YES;
				GCC_WARN_UNINITIALIZED_AUTOS = YES;
				GCC_WARN_UNUSED_FUNCTION = YES;
				GCC_WARN_UNUSED_VARIABLE = YES;
				IPHONEOS_DEPLOYMENT_TARGET = 6.0;
				OTHER_CFLAGS = "-DNS_BLOCK_ASSERTIONS=1";
				PROVISIONING_PROFILE = "";
				"PROVISIONING_PROFILE[sdk=iphoneos*]" = "";
				SDKROOT = iphoneos;
				USER_HEADER_SEARCH_PATHS = "";
				VALIDATE_PRODUCT = YES;
				VALID_ARCHS = armv7;
			};
			name = Release;
		};
		C039B13414DF79D400F4169E /* Debug */ = {
			isa = XCBuildConfiguration;
			baseConfigurationReference = EC1A079D25FB4FB1AA8250FD /* Pods.xcconfig */;
			buildSettings = {
				GCC_PRECOMPILE_PREFIX_HEADER = YES;
				GCC_PREFIX_HEADER = "RollToEver/RollToEver-Prefix.pch";
				INFOPLIST_FILE = "RollToEver/RollToEver-Info.plist";
				ONLY_ACTIVE_ARCH = YES;
				PRODUCT_NAME = "$(TARGET_NAME)";
				TARGETED_DEVICE_FAMILY = 1;
				WRAPPER_EXTENSION = app;
			};
			name = Debug;
		};
		C039B13514DF79D400F4169E /* Release */ = {
			isa = XCBuildConfiguration;
			baseConfigurationReference = EC1A079D25FB4FB1AA8250FD /* Pods.xcconfig */;
			buildSettings = {
				"CODE_SIGN_IDENTITY[sdk=iphoneos*]" = "iPhone Distribution";
				GCC_PRECOMPILE_PREFIX_HEADER = YES;
				GCC_PREFIX_HEADER = "RollToEver/RollToEver-Prefix.pch";
				INFOPLIST_FILE = "RollToEver/RollToEver-Info.plist";
				PRODUCT_NAME = "$(TARGET_NAME)";
				"PROVISIONING_PROFILE[sdk=iphoneos*]" = "";
				TARGETED_DEVICE_FAMILY = 1;
				WRAPPER_EXTENSION = app;
			};
			name = Release;
		};
		C0BC74E314E6CCFD003B0611 /* Debug */ = {
			isa = XCBuildConfiguration;
			baseConfigurationReference = 35EDF444ADE24F48B5E2D9CE /* Pods-RollToEverGHUnitTest.xcconfig */;
			buildSettings = {
				"CODE_SIGN_IDENTITY[sdk=iphoneos*]" = "iPhone Developer";
				FRAMEWORK_SEARCH_PATHS = (
					"$(inherited)",
					"\"$(SRCROOT)/RollToEverGHUnitTest\"",
				);
				GCC_PRECOMPILE_PREFIX_HEADER = YES;
				GCC_PREFIX_HEADER = "RollToEverGHUnitTest/RollToEverGHUnitTest-Prefix.pch";
				INFOPLIST_FILE = "RollToEverGHUnitTest/RollToEverGHUnitTest-Info.plist";
				ONLY_ACTIVE_ARCH = YES;
				PRODUCT_NAME = "$(TARGET_NAME)";
				WRAPPER_EXTENSION = app;
			};
			name = Debug;
		};
		C0BC74E414E6CCFD003B0611 /* Release */ = {
			isa = XCBuildConfiguration;
			baseConfigurationReference = 35EDF444ADE24F48B5E2D9CE /* Pods-RollToEverGHUnitTest.xcconfig */;
			buildSettings = {
				"CODE_SIGN_IDENTITY[sdk=iphoneos*]" = "iPhone Developer";
				FRAMEWORK_SEARCH_PATHS = (
					"$(inherited)",
					"\"$(SRCROOT)/RollToEverGHUnitTest\"",
				);
				GCC_PRECOMPILE_PREFIX_HEADER = YES;
				GCC_PREFIX_HEADER = "RollToEverGHUnitTest/RollToEverGHUnitTest-Prefix.pch";
				INFOPLIST_FILE = "RollToEverGHUnitTest/RollToEverGHUnitTest-Info.plist";
				ONLY_ACTIVE_ARCH = YES;
				PRODUCT_NAME = "$(TARGET_NAME)";
				WRAPPER_EXTENSION = app;
			};
			name = Release;
		};
/* End XCBuildConfiguration section */

/* Begin XCConfigurationList section */
		C039B0FA14DF79D300F4169E /* Build configuration list for PBXProject "RollToEver" */ = {
			isa = XCConfigurationList;
			buildConfigurations = (
				C039B13114DF79D400F4169E /* Debug */,
				C039B13214DF79D400F4169E /* Release */,
			);
			defaultConfigurationIsVisible = 0;
			defaultConfigurationName = Release;
		};
		C039B13314DF79D400F4169E /* Build configuration list for PBXNativeTarget "RollToEver" */ = {
			isa = XCConfigurationList;
			buildConfigurations = (
				C039B13414DF79D400F4169E /* Debug */,
				C039B13514DF79D400F4169E /* Release */,
			);
			defaultConfigurationIsVisible = 0;
			defaultConfigurationName = Release;
		};
		C0BC74E514E6CCFD003B0611 /* Build configuration list for PBXNativeTarget "RollToEverGHUnitTest" */ = {
			isa = XCConfigurationList;
			buildConfigurations = (
				C0BC74E314E6CCFD003B0611 /* Debug */,
				C0BC74E414E6CCFD003B0611 /* Release */,
			);
			defaultConfigurationIsVisible = 0;
			defaultConfigurationName = Release;
		};
/* End XCConfigurationList section */

/* Begin XCVersionGroup section */
		C0833FF614E393A500DB4144 /* RollToEver.xcdatamodeld */ = {
			isa = XCVersionGroup;
			children = (
				C0833FF714E393A500DB4144 /* RollToEver.xcdatamodel */,
			);
			currentVersion = C0833FF714E393A500DB4144 /* RollToEver.xcdatamodel */;
			path = RollToEver.xcdatamodeld;
			sourceTree = "<group>";
			versionGroupType = wrapper.xcdatamodel;
		};
/* End XCVersionGroup section */
	};
	rootObject = C039B0F714DF79D300F4169E /* Project object */;
}
