// !$*UTF8*$!
{
	archiveVersion = 1;
	classes = {
	};
	objectVersion = 46;
	objects = {

/* Begin PBXBuildFile section */
		C039B10514DF79D300F4169E /* UIKit.framework in Frameworks */ = {isa = PBXBuildFile; fileRef = C039B10414DF79D300F4169E /* UIKit.framework */; };
		C039B10714DF79D300F4169E /* Foundation.framework in Frameworks */ = {isa = PBXBuildFile; fileRef = C039B10614DF79D300F4169E /* Foundation.framework */; };
		C039B10914DF79D300F4169E /* CoreGraphics.framework in Frameworks */ = {isa = PBXBuildFile; fileRef = C039B10814DF79D300F4169E /* CoreGraphics.framework */; };
		C039B10F14DF79D300F4169E /* InfoPlist.strings in Resources */ = {isa = PBXBuildFile; fileRef = C039B10D14DF79D300F4169E /* InfoPlist.strings */; };
		C039B11114DF79D300F4169E /* main.m in Sources */ = {isa = PBXBuildFile; fileRef = C039B11014DF79D300F4169E /* main.m */; };
		C039B11514DF79D300F4169E /* AppDelegate.m in Sources */ = {isa = PBXBuildFile; fileRef = C039B11414DF79D300F4169E /* AppDelegate.m */; };
		C039B11814DF79D300F4169E /* MainStoryboard.storyboard in Resources */ = {isa = PBXBuildFile; fileRef = C039B11614DF79D300F4169E /* MainStoryboard.storyboard */; };
		C039B11B14DF79D300F4169E /* ViewController.m in Sources */ = {isa = PBXBuildFile; fileRef = C039B11A14DF79D300F4169E /* ViewController.m */; };
		C039B12314DF79D400F4169E /* SenTestingKit.framework in Frameworks */ = {isa = PBXBuildFile; fileRef = C039B12214DF79D400F4169E /* SenTestingKit.framework */; };
		C039B12414DF79D400F4169E /* UIKit.framework in Frameworks */ = {isa = PBXBuildFile; fileRef = C039B10414DF79D300F4169E /* UIKit.framework */; };
		C039B12514DF79D400F4169E /* Foundation.framework in Frameworks */ = {isa = PBXBuildFile; fileRef = C039B10614DF79D300F4169E /* Foundation.framework */; };
		C039B12D14DF79D400F4169E /* InfoPlist.strings in Resources */ = {isa = PBXBuildFile; fileRef = C039B12B14DF79D400F4169E /* InfoPlist.strings */; };
		C039B13014DF79D400F4169E /* RollToEverTests.m in Sources */ = {isa = PBXBuildFile; fileRef = C039B12F14DF79D400F4169E /* RollToEverTests.m */; };
		C039B14414DF7CD400F4169E /* RollToEver.m in Sources */ = {isa = PBXBuildFile; fileRef = C039B14314DF7CD400F4169E /* RollToEver.m */; };
		C039B14614DF8A9E00F4169E /* AssetsLibrary.framework in Frameworks */ = {isa = PBXBuildFile; fileRef = C039B14514DF8A9E00F4169E /* AssetsLibrary.framework */; };
/* End PBXBuildFile section */

/* Begin PBXContainerItemProxy section */
		C039B12614DF79D400F4169E /* PBXContainerItemProxy */ = {
			isa = PBXContainerItemProxy;
			containerPortal = C039B0F714DF79D300F4169E /* Project object */;
			proxyType = 1;
			remoteGlobalIDString = C039B0FF14DF79D300F4169E;
			remoteInfo = RollToEver;
		};
/* End PBXContainerItemProxy section */

/* Begin PBXFileReference section */
		C039B10014DF79D300F4169E /* RollToEver.app */ = {isa = PBXFileReference; explicitFileType = wrapper.application; includeInIndex = 0; path = RollToEver.app; sourceTree = BUILT_PRODUCTS_DIR; };
		C039B10414DF79D300F4169E /* UIKit.framework */ = {isa = PBXFileReference; lastKnownFileType = wrapper.framework; name = UIKit.framework; path = System/Library/Frameworks/UIKit.framework; sourceTree = SDKROOT; };
		C039B10614DF79D300F4169E /* Foundation.framework */ = {isa = PBXFileReference; lastKnownFileType = wrapper.framework; name = Foundation.framework; path = System/Library/Frameworks/Foundation.framework; sourceTree = SDKROOT; };
		C039B10814DF79D300F4169E /* CoreGraphics.framework */ = {isa = PBXFileReference; lastKnownFileType = wrapper.framework; name = CoreGraphics.framework; path = System/Library/Frameworks/CoreGraphics.framework; sourceTree = SDKROOT; };
		C039B10C14DF79D300F4169E /* RollToEver-Info.plist */ = {isa = PBXFileReference; lastKnownFileType = text.plist.xml; path = "RollToEver-Info.plist"; sourceTree = "<group>"; };
		C039B10E14DF79D300F4169E /* en */ = {isa = PBXFileReference; lastKnownFileType = text.plist.strings; name = en; path = en.lproj/InfoPlist.strings; sourceTree = "<group>"; };
		C039B11014DF79D300F4169E /* main.m */ = {isa = PBXFileReference; lastKnownFileType = sourcecode.c.objc; path = main.m; sourceTree = "<group>"; };
		C039B11214DF79D300F4169E /* RollToEver-Prefix.pch */ = {isa = PBXFileReference; lastKnownFileType = sourcecode.c.h; path = "RollToEver-Prefix.pch"; sourceTree = "<group>"; };
		C039B11314DF79D300F4169E /* AppDelegate.h */ = {isa = PBXFileReference; lastKnownFileType = sourcecode.c.h; path = AppDelegate.h; sourceTree = "<group>"; };
		C039B11414DF79D300F4169E /* AppDelegate.m */ = {isa = PBXFileReference; lastKnownFileType = sourcecode.c.objc; path = AppDelegate.m; sourceTree = "<group>"; };
		C039B11714DF79D300F4169E /* en */ = {isa = PBXFileReference; lastKnownFileType = file.storyboard; name = en; path = en.lproj/MainStoryboard.storyboard; sourceTree = "<group>"; };
		C039B11914DF79D300F4169E /* ViewController.h */ = {isa = PBXFileReference; lastKnownFileType = sourcecode.c.h; path = ViewController.h; sourceTree = "<group>"; };
		C039B11A14DF79D300F4169E /* ViewController.m */ = {isa = PBXFileReference; lastKnownFileType = sourcecode.c.objc; path = ViewController.m; sourceTree = "<group>"; };
		C039B12114DF79D400F4169E /* RollToEverTests.octest */ = {isa = PBXFileReference; explicitFileType = wrapper.cfbundle; includeInIndex = 0; path = RollToEverTests.octest; sourceTree = BUILT_PRODUCTS_DIR; };
		C039B12214DF79D400F4169E /* SenTestingKit.framework */ = {isa = PBXFileReference; lastKnownFileType = wrapper.framework; name = SenTestingKit.framework; path = Library/Frameworks/SenTestingKit.framework; sourceTree = DEVELOPER_DIR; };
		C039B12A14DF79D400F4169E /* RollToEverTests-Info.plist */ = {isa = PBXFileReference; lastKnownFileType = text.plist.xml; path = "RollToEverTests-Info.plist"; sourceTree = "<group>"; };
		C039B12C14DF79D400F4169E /* en */ = {isa = PBXFileReference; lastKnownFileType = text.plist.strings; name = en; path = en.lproj/InfoPlist.strings; sourceTree = "<group>"; };
		C039B12E14DF79D400F4169E /* RollToEverTests.h */ = {isa = PBXFileReference; lastKnownFileType = sourcecode.c.h; path = RollToEverTests.h; sourceTree = "<group>"; };
		C039B12F14DF79D400F4169E /* RollToEverTests.m */ = {isa = PBXFileReference; lastKnownFileType = sourcecode.c.objc; path = RollToEverTests.m; sourceTree = "<group>"; };
		C039B14214DF7CD400F4169E /* RollToEver.h */ = {isa = PBXFileReference; fileEncoding = 4; lastKnownFileType = sourcecode.c.h; path = RollToEver.h; sourceTree = "<group>"; };
		C039B14314DF7CD400F4169E /* RollToEver.m */ = {isa = PBXFileReference; fileEncoding = 4; lastKnownFileType = sourcecode.c.objc; path = RollToEver.m; sourceTree = "<group>"; };
		C039B14514DF8A9E00F4169E /* AssetsLibrary.framework */ = {isa = PBXFileReference; lastKnownFileType = wrapper.framework; name = AssetsLibrary.framework; path = System/Library/Frameworks/AssetsLibrary.framework; sourceTree = SDKROOT; };
/* End PBXFileReference section */

/* Begin PBXFrameworksBuildPhase section */
		C039B0FD14DF79D300F4169E /* Frameworks */ = {
			isa = PBXFrameworksBuildPhase;
			buildActionMask = 2147483647;
			files = (
				C039B14614DF8A9E00F4169E /* AssetsLibrary.framework in Frameworks */,
				C039B10514DF79D300F4169E /* UIKit.framework in Frameworks */,
				C039B10714DF79D300F4169E /* Foundation.framework in Frameworks */,
				C039B10914DF79D300F4169E /* CoreGraphics.framework in Frameworks */,
			);
			runOnlyForDeploymentPostprocessing = 0;
		};
		C039B11D14DF79D400F4169E /* Frameworks */ = {
			isa = PBXFrameworksBuildPhase;
			buildActionMask = 2147483647;
			files = (
				C039B12314DF79D400F4169E /* SenTestingKit.framework in Frameworks */,
				C039B12414DF79D400F4169E /* UIKit.framework in Frameworks */,
				C039B12514DF79D400F4169E /* Foundation.framework in Frameworks */,
			);
			runOnlyForDeploymentPostprocessing = 0;
		};
/* End PBXFrameworksBuildPhase section */

/* Begin PBXGroup section */
		C039B0F514DF79D300F4169E = {
			isa = PBXGroup;
			children = (
				C039B10A14DF79D300F4169E /* RollToEver */,
				C039B12814DF79D400F4169E /* RollToEverTests */,
				C039B10314DF79D300F4169E /* Frameworks */,
				C039B10114DF79D300F4169E /* Products */,
			);
			sourceTree = "<group>";
		};
		C039B10114DF79D300F4169E /* Products */ = {
			isa = PBXGroup;
			children = (
				C039B10014DF79D300F4169E /* RollToEver.app */,
				C039B12114DF79D400F4169E /* RollToEverTests.octest */,
			);
			name = Products;
			sourceTree = "<group>";
		};
		C039B10314DF79D300F4169E /* Frameworks */ = {
			isa = PBXGroup;
			children = (
				C039B14514DF8A9E00F4169E /* AssetsLibrary.framework */,
				C039B10414DF79D300F4169E /* UIKit.framework */,
				C039B10614DF79D300F4169E /* Foundation.framework */,
				C039B10814DF79D300F4169E /* CoreGraphics.framework */,
				C039B12214DF79D400F4169E /* SenTestingKit.framework */,
			);
			name = Frameworks;
			sourceTree = "<group>";
		};
		C039B10A14DF79D300F4169E /* RollToEver */ = {
			isa = PBXGroup;
			children = (
				C039B11314DF79D300F4169E /* AppDelegate.h */,
				C039B11414DF79D300F4169E /* AppDelegate.m */,
				C039B11614DF79D300F4169E /* MainStoryboard.storyboard */,
				C039B11914DF79D300F4169E /* ViewController.h */,
				C039B11A14DF79D300F4169E /* ViewController.m */,
				C039B10B14DF79D300F4169E /* Supporting Files */,
				C039B14214DF7CD400F4169E /* RollToEver.h */,
				C039B14314DF7CD400F4169E /* RollToEver.m */,
			);
			path = RollToEver;
			sourceTree = "<group>";
		};
		C039B10B14DF79D300F4169E /* Supporting Files */ = {
			isa = PBXGroup;
			children = (
				C039B10C14DF79D300F4169E /* RollToEver-Info.plist */,
				C039B10D14DF79D300F4169E /* InfoPlist.strings */,
				C039B11014DF79D300F4169E /* main.m */,
				C039B11214DF79D300F4169E /* RollToEver-Prefix.pch */,
			);
			name = "Supporting Files";
			sourceTree = "<group>";
		};
		C039B12814DF79D400F4169E /* RollToEverTests */ = {
			isa = PBXGroup;
			children = (
				C039B12E14DF79D400F4169E /* RollToEverTests.h */,
				C039B12F14DF79D400F4169E /* RollToEverTests.m */,
				C039B12914DF79D400F4169E /* Supporting Files */,
			);
			path = RollToEverTests;
			sourceTree = "<group>";
		};
		C039B12914DF79D400F4169E /* Supporting Files */ = {
			isa = PBXGroup;
			children = (
				C039B12A14DF79D400F4169E /* RollToEverTests-Info.plist */,
				C039B12B14DF79D400F4169E /* InfoPlist.strings */,
			);
			name = "Supporting Files";
			sourceTree = "<group>";
		};
/* End PBXGroup section */

/* Begin PBXNativeTarget section */
		C039B0FF14DF79D300F4169E /* RollToEver */ = {
			isa = PBXNativeTarget;
			buildConfigurationList = C039B13314DF79D400F4169E /* Build configuration list for PBXNativeTarget "RollToEver" */;
			buildPhases = (
				C039B0FC14DF79D300F4169E /* Sources */,
				C039B0FD14DF79D300F4169E /* Frameworks */,
				C039B0FE14DF79D300F4169E /* Resources */,
			);
			buildRules = (
			);
			dependencies = (
			);
			name = RollToEver;
			productName = RollToEver;
			productReference = C039B10014DF79D300F4169E /* RollToEver.app */;
			productType = "com.apple.product-type.application";
		};
		C039B12014DF79D400F4169E /* RollToEverTests */ = {
			isa = PBXNativeTarget;
			buildConfigurationList = C039B13614DF79D400F4169E /* Build configuration list for PBXNativeTarget "RollToEverTests" */;
			buildPhases = (
				C039B11C14DF79D400F4169E /* Sources */,
				C039B11D14DF79D400F4169E /* Frameworks */,
				C039B11E14DF79D400F4169E /* Resources */,
				C039B11F14DF79D400F4169E /* ShellScript */,
			);
			buildRules = (
			);
			dependencies = (
				C039B12714DF79D400F4169E /* PBXTargetDependency */,
			);
			name = RollToEverTests;
			productName = RollToEverTests;
			productReference = C039B12114DF79D400F4169E /* RollToEverTests.octest */;
			productType = "com.apple.product-type.bundle";
		};
/* End PBXNativeTarget section */

/* Begin PBXProject section */
		C039B0F714DF79D300F4169E /* Project object */ = {
			isa = PBXProject;
			attributes = {
				LastUpgradeCheck = 0420;
				ORGANIZATIONNAME = fifnel;
			};
			buildConfigurationList = C039B0FA14DF79D300F4169E /* Build configuration list for PBXProject "RollToEver" */;
			compatibilityVersion = "Xcode 3.2";
			developmentRegion = English;
			hasScannedForEncodings = 0;
			knownRegions = (
				en,
			);
			mainGroup = C039B0F514DF79D300F4169E;
			productRefGroup = C039B10114DF79D300F4169E /* Products */;
			projectDirPath = "";
			projectRoot = "";
			targets = (
				C039B0FF14DF79D300F4169E /* RollToEver */,
				C039B12014DF79D400F4169E /* RollToEverTests */,
			);
		};
/* End PBXProject section */

/* Begin PBXResourcesBuildPhase section */
		C039B0FE14DF79D300F4169E /* Resources */ = {
			isa = PBXResourcesBuildPhase;
			buildActionMask = 2147483647;
			files = (
				C039B10F14DF79D300F4169E /* InfoPlist.strings in Resources */,
				C039B11814DF79D300F4169E /* MainStoryboard.storyboard in Resources */,
			);
			runOnlyForDeploymentPostprocessing = 0;
		};
		C039B11E14DF79D400F4169E /* Resources */ = {
			isa = PBXResourcesBuildPhase;
			buildActionMask = 2147483647;
			files = (
				C039B12D14DF79D400F4169E /* InfoPlist.strings in Resources */,
			);
			runOnlyForDeploymentPostprocessing = 0;
		};
/* End PBXResourcesBuildPhase section */

/* Begin PBXShellScriptBuildPhase section */
		C039B11F14DF79D400F4169E /* ShellScript */ = {
			isa = PBXShellScriptBuildPhase;
			buildActionMask = 2147483647;
			files = (
			);
			inputPaths = (
			);
			outputPaths = (
			);
			runOnlyForDeploymentPostprocessing = 0;
			shellPath = /bin/sh;
			shellScript = "# Run the unit tests in this test bundle.\n\"${SYSTEM_DEVELOPER_DIR}/Tools/RunUnitTests\"\n";
		};
/* End PBXShellScriptBuildPhase section */

/* Begin PBXSourcesBuildPhase section */
		C039B0FC14DF79D300F4169E /* Sources */ = {
			isa = PBXSourcesBuildPhase;
			buildActionMask = 2147483647;
			files = (
				C039B11114DF79D300F4169E /* main.m in Sources */,
				C039B11514DF79D300F4169E /* AppDelegate.m in Sources */,
				C039B11B14DF79D300F4169E /* ViewController.m in Sources */,
				C039B14414DF7CD400F4169E /* RollToEver.m in Sources */,
			);
			runOnlyForDeploymentPostprocessing = 0;
		};
		C039B11C14DF79D400F4169E /* Sources */ = {
			isa = PBXSourcesBuildPhase;
			buildActionMask = 2147483647;
			files = (
				C039B13014DF79D400F4169E /* RollToEverTests.m in Sources */,
			);
			runOnlyForDeploymentPostprocessing = 0;
		};
/* End PBXSourcesBuildPhase section */

/* Begin PBXTargetDependency section */
		C039B12714DF79D400F4169E /* PBXTargetDependency */ = {
			isa = PBXTargetDependency;
			target = C039B0FF14DF79D300F4169E /* RollToEver */;
			targetProxy = C039B12614DF79D400F4169E /* PBXContainerItemProxy */;
		};
/* End PBXTargetDependency section */

/* Begin PBXVariantGroup section */
		C039B10D14DF79D300F4169E /* InfoPlist.strings */ = {
			isa = PBXVariantGroup;
			children = (
				C039B10E14DF79D300F4169E /* en */,
			);
			name = InfoPlist.strings;
			sourceTree = "<group>";
		};
		C039B11614DF79D300F4169E /* MainStoryboard.storyboard */ = {
			isa = PBXVariantGroup;
			children = (
				C039B11714DF79D300F4169E /* en */,
			);
			name = MainStoryboard.storyboard;
			sourceTree = "<group>";
		};
		C039B12B14DF79D400F4169E /* InfoPlist.strings */ = {
			isa = PBXVariantGroup;
			children = (
				C039B12C14DF79D400F4169E /* en */,
			);
			name = InfoPlist.strings;
			sourceTree = "<group>";
		};
/* End PBXVariantGroup section */

/* Begin XCBuildConfiguration section */
		C039B13114DF79D400F4169E /* Debug */ = {
			isa = XCBuildConfiguration;
			buildSettings = {
				ALWAYS_SEARCH_USER_PATHS = NO;
				ARCHS = "$(ARCHS_STANDARD_32_BIT)";
				"CODE_SIGN_IDENTITY[sdk=iphoneos*]" = "iPhone Developer";
				COPY_PHASE_STRIP = NO;
				GCC_C_LANGUAGE_STANDARD = gnu99;
				GCC_DYNAMIC_NO_PIC = NO;
				GCC_OPTIMIZATION_LEVEL = 0;
				GCC_PREPROCESSOR_DEFINITIONS = (
					"DEBUG=1",
					"$(inherited)",
				);
				GCC_SYMBOLS_PRIVATE_EXTERN = NO;
				GCC_VERSION = com.apple.compilers.llvm.clang.1_0;
				GCC_WARN_ABOUT_MISSING_PROTOTYPES = YES;
				GCC_WARN_ABOUT_RETURN_TYPE = YES;
				GCC_WARN_UNUSED_VARIABLE = YES;
				IPHONEOS_DEPLOYMENT_TARGET = 5.0;
				SDKROOT = iphoneos;
			};
			name = Debug;
		};
		C039B13214DF79D400F4169E /* Release */ = {
			isa = XCBuildConfiguration;
			buildSettings = {
				ALWAYS_SEARCH_USER_PATHS = NO;
				ARCHS = "$(ARCHS_STANDARD_32_BIT)";
				"CODE_SIGN_IDENTITY[sdk=iphoneos*]" = "iPhone Developer";
				COPY_PHASE_STRIP = YES;
				GCC_C_LANGUAGE_STANDARD = gnu99;
				GCC_VERSION = com.apple.compilers.llvm.clang.1_0;
				GCC_WARN_ABOUT_MISSING_PROTOTYPES = YES;
				GCC_WARN_ABOUT_RETURN_TYPE = YES;
				GCC_WARN_UNUSED_VARIABLE = YES;
				IPHONEOS_DEPLOYMENT_TARGET = 5.0;
				OTHER_CFLAGS = "-DNS_BLOCK_ASSERTIONS=1";
				SDKROOT = iphoneos;
				VALIDATE_PRODUCT = YES;
			};
			name = Release;
		};
		C039B13414DF79D400F4169E /* Debug */ = {
			isa = XCBuildConfiguration;
			buildSettings = {
				GCC_PRECOMPILE_PREFIX_HEADER = YES;
				GCC_PREFIX_HEADER = "RollToEver/RollToEver-Prefix.pch";
				INFOPLIST_FILE = "RollToEver/RollToEver-Info.plist";
				PRODUCT_NAME = "$(TARGET_NAME)";
				WRAPPER_EXTENSION = app;
			};
			name = Debug;
		};
		C039B13514DF79D400F4169E /* Release */ = {
			isa = XCBuildConfiguration;
			buildSettings = {
				GCC_PRECOMPILE_PREFIX_HEADER = YES;
				GCC_PREFIX_HEADER = "RollToEver/RollToEver-Prefix.pch";
				INFOPLIST_FILE = "RollToEver/RollToEver-Info.plist";
				PRODUCT_NAME = "$(TARGET_NAME)";
				WRAPPER_EXTENSION = app;
			};
			name = Release;
		};
		C039B13714DF79D400F4169E /* Debug */ = {
			isa = XCBuildConfiguration;
			buildSettings = {
				BUNDLE_LOADER = "$(BUILT_PRODUCTS_DIR)/RollToEver.app/RollToEver";
				FRAMEWORK_SEARCH_PATHS = (
					"$(SDKROOT)/Developer/Library/Frameworks",
					"$(DEVELOPER_LIBRARY_DIR)/Frameworks",
				);
				GCC_PRECOMPILE_PREFIX_HEADER = YES;
				GCC_PREFIX_HEADER = "RollToEver/RollToEver-Prefix.pch";
				INFOPLIST_FILE = "RollToEverTests/RollToEverTests-Info.plist";
				PRODUCT_NAME = "$(TARGET_NAME)";
				TEST_HOST = "$(BUNDLE_LOADER)";
				WRAPPER_EXTENSION = octest;
			};
			name = Debug;
		};
		C039B13814DF79D400F4169E /* Release */ = {
			isa = XCBuildConfiguration;
			buildSettings = {
				BUNDLE_LOADER = "$(BUILT_PRODUCTS_DIR)/RollToEver.app/RollToEver";
				FRAMEWORK_SEARCH_PATHS = (
					"$(SDKROOT)/Developer/Library/Frameworks",
					"$(DEVELOPER_LIBRARY_DIR)/Frameworks",
				);
				GCC_PRECOMPILE_PREFIX_HEADER = YES;
				GCC_PREFIX_HEADER = "RollToEver/RollToEver-Prefix.pch";
				INFOPLIST_FILE = "RollToEverTests/RollToEverTests-Info.plist";
				PRODUCT_NAME = "$(TARGET_NAME)";
				TEST_HOST = "$(BUNDLE_LOADER)";
				WRAPPER_EXTENSION = octest;
			};
			name = Release;
		};
/* End XCBuildConfiguration section */

/* Begin XCConfigurationList section */
		C039B0FA14DF79D300F4169E /* Build configuration list for PBXProject "RollToEver" */ = {
			isa = XCConfigurationList;
			buildConfigurations = (
				C039B13114DF79D400F4169E /* Debug */,
				C039B13214DF79D400F4169E /* Release */,
			);
			defaultConfigurationIsVisible = 0;
			defaultConfigurationName = Release;
		};
		C039B13314DF79D400F4169E /* Build configuration list for PBXNativeTarget "RollToEver" */ = {
			isa = XCConfigurationList;
			buildConfigurations = (
				C039B13414DF79D400F4169E /* Debug */,
				C039B13514DF79D400F4169E /* Release */,
			);
			defaultConfigurationIsVisible = 0;
		};
		C039B13614DF79D400F4169E /* Build configuration list for PBXNativeTarget "RollToEverTests" */ = {
			isa = XCConfigurationList;
			buildConfigurations = (
				C039B13714DF79D400F4169E /* Debug */,
				C039B13814DF79D400F4169E /* Release */,
			);
			defaultConfigurationIsVisible = 0;
		};
/* End XCConfigurationList section */
	};
	rootObject = C039B0F714DF79D300F4169E /* Project object */;
}
