// !$*UTF8*$!
{
	archiveVersion = 1;
	classes = {
	};
	objectVersion = 46;
	objects = {

/* Begin PBXBuildFile section */
		C039B10514DF79D300F4169E /* UIKit.framework in Frameworks */ = {isa = PBXBuildFile; fileRef = C039B10414DF79D300F4169E /* UIKit.framework */; };
		C039B10714DF79D300F4169E /* Foundation.framework in Frameworks */ = {isa = PBXBuildFile; fileRef = C039B10614DF79D300F4169E /* Foundation.framework */; };
		C039B10914DF79D300F4169E /* CoreGraphics.framework in Frameworks */ = {isa = PBXBuildFile; fileRef = C039B10814DF79D300F4169E /* CoreGraphics.framework */; };
		C039B10F14DF79D300F4169E /* InfoPlist.strings in Resources */ = {isa = PBXBuildFile; fileRef = C039B10D14DF79D300F4169E /* InfoPlist.strings */; };
		C039B11114DF79D300F4169E /* main.m in Sources */ = {isa = PBXBuildFile; fileRef = C039B11014DF79D300F4169E /* main.m */; };
		C039B11514DF79D300F4169E /* AppDelegate.m in Sources */ = {isa = PBXBuildFile; fileRef = C039B11414DF79D300F4169E /* AppDelegate.m */; };
		C039B11814DF79D300F4169E /* MainStoryboard.storyboard in Resources */ = {isa = PBXBuildFile; fileRef = C039B11614DF79D300F4169E /* MainStoryboard.storyboard */; };
		C039B11B14DF79D300F4169E /* ViewController.m in Sources */ = {isa = PBXBuildFile; fileRef = C039B11A14DF79D300F4169E /* ViewController.m */; };
		C039B12314DF79D400F4169E /* SenTestingKit.framework in Frameworks */ = {isa = PBXBuildFile; fileRef = C039B12214DF79D400F4169E /* SenTestingKit.framework */; };
		C039B12414DF79D400F4169E /* UIKit.framework in Frameworks */ = {isa = PBXBuildFile; fileRef = C039B10414DF79D300F4169E /* UIKit.framework */; };
		C039B12514DF79D400F4169E /* Foundation.framework in Frameworks */ = {isa = PBXBuildFile; fileRef = C039B10614DF79D300F4169E /* Foundation.framework */; };
		C039B12D14DF79D400F4169E /* InfoPlist.strings in Resources */ = {isa = PBXBuildFile; fileRef = C039B12B14DF79D400F4169E /* InfoPlist.strings */; };
		C039B13014DF79D400F4169E /* RollToEverTests.m in Sources */ = {isa = PBXBuildFile; fileRef = C039B12F14DF79D400F4169E /* RollToEverTests.m */; };
		C039B14414DF7CD400F4169E /* RollToEver.m in Sources */ = {isa = PBXBuildFile; fileRef = C039B14314DF7CD400F4169E /* RollToEver.m */; };
		C039B14614DF8A9E00F4169E /* AssetsLibrary.framework in Frameworks */ = {isa = PBXBuildFile; fileRef = C039B14514DF8A9E00F4169E /* AssetsLibrary.framework */; };
		C039B17614E020DF00F4169E /* EDAMLimits.m in Sources */ = {isa = PBXBuildFile; fileRef = C039B14A14E020DF00F4169E /* EDAMLimits.m */; };
		C039B17714E020DF00F4169E /* Errors.m in Sources */ = {isa = PBXBuildFile; fileRef = C039B14C14E020DF00F4169E /* Errors.m */; };
		C039B17814E020DF00F4169E /* NoteStore.m in Sources */ = {isa = PBXBuildFile; fileRef = C039B14E14E020DF00F4169E /* NoteStore.m */; };
		C039B17914E020DF00F4169E /* Types.m in Sources */ = {isa = PBXBuildFile; fileRef = C039B15014E020DF00F4169E /* Types.m */; };
		C039B17A14E020DF00F4169E /* UserStore.m in Sources */ = {isa = PBXBuildFile; fileRef = C039B15214E020DF00F4169E /* UserStore.m */; };
		C039B17B14E020DF00F4169E /* TBinaryProtocol.m in Sources */ = {isa = PBXBuildFile; fileRef = C039B15614E020DF00F4169E /* TBinaryProtocol.m */; };
		C039B17C14E020DF00F4169E /* TProtocolException.m in Sources */ = {isa = PBXBuildFile; fileRef = C039B15914E020DF00F4169E /* TProtocolException.m */; };
		C039B17D14E020DF00F4169E /* TProtocolUtil.m in Sources */ = {isa = PBXBuildFile; fileRef = C039B15C14E020DF00F4169E /* TProtocolUtil.m */; };
		C039B17E14E020DF00F4169E /* TApplicationException.m in Sources */ = {isa = PBXBuildFile; fileRef = C039B15F14E020DF00F4169E /* TApplicationException.m */; };
		C039B17F14E020DF00F4169E /* TException.m in Sources */ = {isa = PBXBuildFile; fileRef = C039B16114E020DF00F4169E /* TException.m */; };
		C039B18014E020DF00F4169E /* THTTPClient.m in Sources */ = {isa = PBXBuildFile; fileRef = C039B16614E020DF00F4169E /* THTTPClient.m */; };
		C039B18114E020DF00F4169E /* TMemoryBuffer.m in Sources */ = {isa = PBXBuildFile; fileRef = C039B16814E020DF00F4169E /* TMemoryBuffer.m */; };
		C039B18214E020DF00F4169E /* TTransportException.m in Sources */ = {isa = PBXBuildFile; fileRef = C039B16B14E020DF00F4169E /* TTransportException.m */; };
		C039B18314E020DF00F4169E /* TSharedProcessorFactory.m in Sources */ = {isa = PBXBuildFile; fileRef = C039B16D14E020DF00F4169E /* TSharedProcessorFactory.m */; };
		C039B18414E020DF00F4169E /* Evernote.m in Sources */ = {isa = PBXBuildFile; fileRef = C039B16F14E020DF00F4169E /* Evernote.m */; };
		C039B18514E020DF00F4169E /* MD5.c in Sources */ = {isa = PBXBuildFile; fileRef = C039B17014E020DF00F4169E /* MD5.c */; };
		C039B18614E020DF00F4169E /* NSDataMD5Additions.m in Sources */ = {isa = PBXBuildFile; fileRef = C039B17314E020DF00F4169E /* NSDataMD5Additions.m */; };
		C039B18714E020DF00F4169E /* NSString+MD5.m in Sources */ = {isa = PBXBuildFile; fileRef = C039B17514E020DF00F4169E /* NSString+MD5.m */; };
		C094D85C14E19B0800E30669 /* SettingsTableViewController.m in Sources */ = {isa = PBXBuildFile; fileRef = C094D85B14E19B0800E30669 /* SettingsTableViewController.m */; };
		C0C23B1C14E2710E00507D08 /* UserSettingsTest.m in Sources */ = {isa = PBXBuildFile; fileRef = C0C23B1B14E2710E00507D08 /* UserSettingsTest.m */; };
		C0C23B1F14E2719000507D08 /* UserSettings.m in Sources */ = {isa = PBXBuildFile; fileRef = C0C23B1E14E2719000507D08 /* UserSettings.m */; };
/* End PBXBuildFile section */

/* Begin PBXContainerItemProxy section */
		C039B12614DF79D400F4169E /* PBXContainerItemProxy */ = {
			isa = PBXContainerItemProxy;
			containerPortal = C039B0F714DF79D300F4169E /* Project object */;
			proxyType = 1;
			remoteGlobalIDString = C039B0FF14DF79D300F4169E;
			remoteInfo = RollToEver;
		};
/* End PBXContainerItemProxy section */

/* Begin PBXFileReference section */
		C039B10014DF79D300F4169E /* RollToEver.app */ = {isa = PBXFileReference; explicitFileType = wrapper.application; includeInIndex = 0; path = RollToEver.app; sourceTree = BUILT_PRODUCTS_DIR; };
		C039B10414DF79D300F4169E /* UIKit.framework */ = {isa = PBXFileReference; lastKnownFileType = wrapper.framework; name = UIKit.framework; path = System/Library/Frameworks/UIKit.framework; sourceTree = SDKROOT; };
		C039B10614DF79D300F4169E /* Foundation.framework */ = {isa = PBXFileReference; lastKnownFileType = wrapper.framework; name = Foundation.framework; path = System/Library/Frameworks/Foundation.framework; sourceTree = SDKROOT; };
		C039B10814DF79D300F4169E /* CoreGraphics.framework */ = {isa = PBXFileReference; lastKnownFileType = wrapper.framework; name = CoreGraphics.framework; path = System/Library/Frameworks/CoreGraphics.framework; sourceTree = SDKROOT; };
		C039B10C14DF79D300F4169E /* RollToEver-Info.plist */ = {isa = PBXFileReference; lastKnownFileType = text.plist.xml; path = "RollToEver-Info.plist"; sourceTree = "<group>"; };
		C039B10E14DF79D300F4169E /* en */ = {isa = PBXFileReference; lastKnownFileType = text.plist.strings; name = en; path = en.lproj/InfoPlist.strings; sourceTree = "<group>"; };
		C039B11014DF79D300F4169E /* main.m */ = {isa = PBXFileReference; lastKnownFileType = sourcecode.c.objc; path = main.m; sourceTree = "<group>"; };
		C039B11214DF79D300F4169E /* RollToEver-Prefix.pch */ = {isa = PBXFileReference; lastKnownFileType = sourcecode.c.h; path = "RollToEver-Prefix.pch"; sourceTree = "<group>"; };
		C039B11314DF79D300F4169E /* AppDelegate.h */ = {isa = PBXFileReference; lastKnownFileType = sourcecode.c.h; path = AppDelegate.h; sourceTree = "<group>"; };
		C039B11414DF79D300F4169E /* AppDelegate.m */ = {isa = PBXFileReference; lastKnownFileType = sourcecode.c.objc; path = AppDelegate.m; sourceTree = "<group>"; };
		C039B11714DF79D300F4169E /* en */ = {isa = PBXFileReference; lastKnownFileType = file.storyboard; name = en; path = en.lproj/MainStoryboard.storyboard; sourceTree = "<group>"; };
		C039B11914DF79D300F4169E /* ViewController.h */ = {isa = PBXFileReference; lastKnownFileType = sourcecode.c.h; path = ViewController.h; sourceTree = "<group>"; };
		C039B11A14DF79D300F4169E /* ViewController.m */ = {isa = PBXFileReference; lastKnownFileType = sourcecode.c.objc; path = ViewController.m; sourceTree = "<group>"; };
		C039B12114DF79D400F4169E /* RollToEverTests.octest */ = {isa = PBXFileReference; explicitFileType = wrapper.cfbundle; includeInIndex = 0; path = RollToEverTests.octest; sourceTree = BUILT_PRODUCTS_DIR; };
		C039B12214DF79D400F4169E /* SenTestingKit.framework */ = {isa = PBXFileReference; lastKnownFileType = wrapper.framework; name = SenTestingKit.framework; path = Library/Frameworks/SenTestingKit.framework; sourceTree = DEVELOPER_DIR; };
		C039B12A14DF79D400F4169E /* RollToEverTests-Info.plist */ = {isa = PBXFileReference; lastKnownFileType = text.plist.xml; path = "RollToEverTests-Info.plist"; sourceTree = "<group>"; };
		C039B12C14DF79D400F4169E /* en */ = {isa = PBXFileReference; lastKnownFileType = text.plist.strings; name = en; path = en.lproj/InfoPlist.strings; sourceTree = "<group>"; };
		C039B12E14DF79D400F4169E /* RollToEverTests.h */ = {isa = PBXFileReference; lastKnownFileType = sourcecode.c.h; path = RollToEverTests.h; sourceTree = "<group>"; };
		C039B12F14DF79D400F4169E /* RollToEverTests.m */ = {isa = PBXFileReference; lastKnownFileType = sourcecode.c.objc; path = RollToEverTests.m; sourceTree = "<group>"; };
		C039B14214DF7CD400F4169E /* RollToEver.h */ = {isa = PBXFileReference; fileEncoding = 4; lastKnownFileType = sourcecode.c.h; path = RollToEver.h; sourceTree = "<group>"; };
		C039B14314DF7CD400F4169E /* RollToEver.m */ = {isa = PBXFileReference; fileEncoding = 4; lastKnownFileType = sourcecode.c.objc; path = RollToEver.m; sourceTree = "<group>"; };
		C039B14514DF8A9E00F4169E /* AssetsLibrary.framework */ = {isa = PBXFileReference; lastKnownFileType = wrapper.framework; name = AssetsLibrary.framework; path = System/Library/Frameworks/AssetsLibrary.framework; sourceTree = SDKROOT; };
		C039B14914E020DF00F4169E /* EDAMLimits.h */ = {isa = PBXFileReference; fileEncoding = 4; lastKnownFileType = sourcecode.c.h; path = EDAMLimits.h; sourceTree = "<group>"; };
		C039B14A14E020DF00F4169E /* EDAMLimits.m */ = {isa = PBXFileReference; fileEncoding = 4; lastKnownFileType = sourcecode.c.objc; path = EDAMLimits.m; sourceTree = "<group>"; };
		C039B14B14E020DF00F4169E /* Errors.h */ = {isa = PBXFileReference; fileEncoding = 4; lastKnownFileType = sourcecode.c.h; path = Errors.h; sourceTree = "<group>"; };
		C039B14C14E020DF00F4169E /* Errors.m */ = {isa = PBXFileReference; fileEncoding = 4; lastKnownFileType = sourcecode.c.objc; path = Errors.m; sourceTree = "<group>"; };
		C039B14D14E020DF00F4169E /* NoteStore.h */ = {isa = PBXFileReference; fileEncoding = 4; lastKnownFileType = sourcecode.c.h; path = NoteStore.h; sourceTree = "<group>"; };
		C039B14E14E020DF00F4169E /* NoteStore.m */ = {isa = PBXFileReference; fileEncoding = 4; lastKnownFileType = sourcecode.c.objc; path = NoteStore.m; sourceTree = "<group>"; };
		C039B14F14E020DF00F4169E /* Types.h */ = {isa = PBXFileReference; fileEncoding = 4; lastKnownFileType = sourcecode.c.h; path = Types.h; sourceTree = "<group>"; };
		C039B15014E020DF00F4169E /* Types.m */ = {isa = PBXFileReference; fileEncoding = 4; lastKnownFileType = sourcecode.c.objc; path = Types.m; sourceTree = "<group>"; };
		C039B15114E020DF00F4169E /* UserStore.h */ = {isa = PBXFileReference; fileEncoding = 4; lastKnownFileType = sourcecode.c.h; path = UserStore.h; sourceTree = "<group>"; };
		C039B15214E020DF00F4169E /* UserStore.m */ = {isa = PBXFileReference; fileEncoding = 4; lastKnownFileType = sourcecode.c.objc; path = UserStore.m; sourceTree = "<group>"; };
		C039B15514E020DF00F4169E /* TBinaryProtocol.h */ = {isa = PBXFileReference; fileEncoding = 4; lastKnownFileType = sourcecode.c.h; path = TBinaryProtocol.h; sourceTree = "<group>"; };
		C039B15614E020DF00F4169E /* TBinaryProtocol.m */ = {isa = PBXFileReference; fileEncoding = 4; lastKnownFileType = sourcecode.c.objc; path = TBinaryProtocol.m; sourceTree = "<group>"; };
		C039B15714E020DF00F4169E /* TProtocol.h */ = {isa = PBXFileReference; fileEncoding = 4; lastKnownFileType = sourcecode.c.h; path = TProtocol.h; sourceTree = "<group>"; };
		C039B15814E020DF00F4169E /* TProtocolException.h */ = {isa = PBXFileReference; fileEncoding = 4; lastKnownFileType = sourcecode.c.h; path = TProtocolException.h; sourceTree = "<group>"; };
		C039B15914E020DF00F4169E /* TProtocolException.m */ = {isa = PBXFileReference; fileEncoding = 4; lastKnownFileType = sourcecode.c.objc; path = TProtocolException.m; sourceTree = "<group>"; };
		C039B15A14E020DF00F4169E /* TProtocolFactory.h */ = {isa = PBXFileReference; fileEncoding = 4; lastKnownFileType = sourcecode.c.h; path = TProtocolFactory.h; sourceTree = "<group>"; };
		C039B15B14E020DF00F4169E /* TProtocolUtil.h */ = {isa = PBXFileReference; fileEncoding = 4; lastKnownFileType = sourcecode.c.h; path = TProtocolUtil.h; sourceTree = "<group>"; };
		C039B15C14E020DF00F4169E /* TProtocolUtil.m */ = {isa = PBXFileReference; fileEncoding = 4; lastKnownFileType = sourcecode.c.objc; path = TProtocolUtil.m; sourceTree = "<group>"; };
		C039B15E14E020DF00F4169E /* TApplicationException.h */ = {isa = PBXFileReference; fileEncoding = 4; lastKnownFileType = sourcecode.c.h; path = TApplicationException.h; sourceTree = "<group>"; };
		C039B15F14E020DF00F4169E /* TApplicationException.m */ = {isa = PBXFileReference; fileEncoding = 4; lastKnownFileType = sourcecode.c.objc; path = TApplicationException.m; sourceTree = "<group>"; };
		C039B16014E020DF00F4169E /* TException.h */ = {isa = PBXFileReference; fileEncoding = 4; lastKnownFileType = sourcecode.c.h; path = TException.h; sourceTree = "<group>"; };
		C039B16114E020DF00F4169E /* TException.m */ = {isa = PBXFileReference; fileEncoding = 4; lastKnownFileType = sourcecode.c.objc; path = TException.m; sourceTree = "<group>"; };
		C039B16214E020DF00F4169E /* TProcessor.h */ = {isa = PBXFileReference; fileEncoding = 4; lastKnownFileType = sourcecode.c.h; path = TProcessor.h; sourceTree = "<group>"; };
		C039B16314E020DF00F4169E /* TProcessorFactory.h */ = {isa = PBXFileReference; fileEncoding = 4; lastKnownFileType = sourcecode.c.h; path = TProcessorFactory.h; sourceTree = "<group>"; };
		C039B16514E020DF00F4169E /* THTTPClient.h */ = {isa = PBXFileReference; fileEncoding = 4; lastKnownFileType = sourcecode.c.h; path = THTTPClient.h; sourceTree = "<group>"; };
		C039B16614E020DF00F4169E /* THTTPClient.m */ = {isa = PBXFileReference; fileEncoding = 4; lastKnownFileType = sourcecode.c.objc; path = THTTPClient.m; sourceTree = "<group>"; };
		C039B16714E020DF00F4169E /* TMemoryBuffer.h */ = {isa = PBXFileReference; fileEncoding = 4; lastKnownFileType = sourcecode.c.h; path = TMemoryBuffer.h; sourceTree = "<group>"; };
		C039B16814E020DF00F4169E /* TMemoryBuffer.m */ = {isa = PBXFileReference; fileEncoding = 4; lastKnownFileType = sourcecode.c.objc; path = TMemoryBuffer.m; sourceTree = "<group>"; };
		C039B16914E020DF00F4169E /* TTransport.h */ = {isa = PBXFileReference; fileEncoding = 4; lastKnownFileType = sourcecode.c.h; path = TTransport.h; sourceTree = "<group>"; };
		C039B16A14E020DF00F4169E /* TTransportException.h */ = {isa = PBXFileReference; fileEncoding = 4; lastKnownFileType = sourcecode.c.h; path = TTransportException.h; sourceTree = "<group>"; };
		C039B16B14E020DF00F4169E /* TTransportException.m */ = {isa = PBXFileReference; fileEncoding = 4; lastKnownFileType = sourcecode.c.objc; path = TTransportException.m; sourceTree = "<group>"; };
		C039B16C14E020DF00F4169E /* TSharedProcessorFactory.h */ = {isa = PBXFileReference; fileEncoding = 4; lastKnownFileType = sourcecode.c.h; path = TSharedProcessorFactory.h; sourceTree = "<group>"; };
		C039B16D14E020DF00F4169E /* TSharedProcessorFactory.m */ = {isa = PBXFileReference; fileEncoding = 4; lastKnownFileType = sourcecode.c.objc; path = TSharedProcessorFactory.m; sourceTree = "<group>"; };
		C039B16E14E020DF00F4169E /* Evernote.h */ = {isa = PBXFileReference; fileEncoding = 4; lastKnownFileType = sourcecode.c.h; name = Evernote.h; path = RollToEver/Evernote/Evernote.h; sourceTree = "<group>"; };
		C039B16F14E020DF00F4169E /* Evernote.m */ = {isa = PBXFileReference; fileEncoding = 4; lastKnownFileType = sourcecode.c.objc; name = Evernote.m; path = RollToEver/Evernote/Evernote.m; sourceTree = "<group>"; };
		C039B17014E020DF00F4169E /* MD5.c */ = {isa = PBXFileReference; fileEncoding = 4; lastKnownFileType = sourcecode.c.c; name = MD5.c; path = RollToEver/Evernote/MD5.c; sourceTree = "<group>"; };
		C039B17114E020DF00F4169E /* MD5.h */ = {isa = PBXFileReference; fileEncoding = 4; lastKnownFileType = sourcecode.c.h; name = MD5.h; path = RollToEver/Evernote/MD5.h; sourceTree = "<group>"; };
		C039B17214E020DF00F4169E /* NSDataMD5Additions.h */ = {isa = PBXFileReference; fileEncoding = 4; lastKnownFileType = sourcecode.c.h; name = NSDataMD5Additions.h; path = RollToEver/Evernote/NSDataMD5Additions.h; sourceTree = "<group>"; };
		C039B17314E020DF00F4169E /* NSDataMD5Additions.m */ = {isa = PBXFileReference; fileEncoding = 4; lastKnownFileType = sourcecode.c.objc; name = NSDataMD5Additions.m; path = RollToEver/Evernote/NSDataMD5Additions.m; sourceTree = "<group>"; };
		C039B17414E020DF00F4169E /* NSString+MD5.h */ = {isa = PBXFileReference; fileEncoding = 4; lastKnownFileType = sourcecode.c.h; name = "NSString+MD5.h"; path = "RollToEver/Evernote/NSString+MD5.h"; sourceTree = "<group>"; };
		C039B17514E020DF00F4169E /* NSString+MD5.m */ = {isa = PBXFileReference; fileEncoding = 4; lastKnownFileType = sourcecode.c.objc; name = "NSString+MD5.m"; path = "RollToEver/Evernote/NSString+MD5.m"; sourceTree = "<group>"; };
		C039B19114E172DF00F4169E /* id.h */ = {isa = PBXFileReference; fileEncoding = 4; lastKnownFileType = sourcecode.c.h; name = id.h; path = RollToEver/Evernote/id.h; sourceTree = "<group>"; };
		C094D85A14E19B0800E30669 /* SettingsTableViewController.h */ = {isa = PBXFileReference; fileEncoding = 4; lastKnownFileType = sourcecode.c.h; path = SettingsTableViewController.h; sourceTree = "<group>"; };
		C094D85B14E19B0800E30669 /* SettingsTableViewController.m */ = {isa = PBXFileReference; fileEncoding = 4; lastKnownFileType = sourcecode.c.objc; path = SettingsTableViewController.m; sourceTree = "<group>"; };
		C0C23B1A14E2710E00507D08 /* UserSettingsTest.h */ = {isa = PBXFileReference; fileEncoding = 4; lastKnownFileType = sourcecode.c.h; path = UserSettingsTest.h; sourceTree = "<group>"; };
		C0C23B1B14E2710E00507D08 /* UserSettingsTest.m */ = {isa = PBXFileReference; fileEncoding = 4; lastKnownFileType = sourcecode.c.objc; path = UserSettingsTest.m; sourceTree = "<group>"; };
		C0C23B1D14E2719000507D08 /* UserSettings.h */ = {isa = PBXFileReference; fileEncoding = 4; lastKnownFileType = sourcecode.c.h; path = UserSettings.h; sourceTree = "<group>"; };
		C0C23B1E14E2719000507D08 /* UserSettings.m */ = {isa = PBXFileReference; fileEncoding = 4; lastKnownFileType = sourcecode.c.objc; path = UserSettings.m; sourceTree = "<group>"; };
/* End PBXFileReference section */

/* Begin PBXFrameworksBuildPhase section */
		C039B0FD14DF79D300F4169E /* Frameworks */ = {
			isa = PBXFrameworksBuildPhase;
			buildActionMask = 2147483647;
			files = (
				C039B14614DF8A9E00F4169E /* AssetsLibrary.framework in Frameworks */,
				C039B10514DF79D300F4169E /* UIKit.framework in Frameworks */,
				C039B10714DF79D300F4169E /* Foundation.framework in Frameworks */,
				C039B10914DF79D300F4169E /* CoreGraphics.framework in Frameworks */,
			);
			runOnlyForDeploymentPostprocessing = 0;
		};
		C039B11D14DF79D400F4169E /* Frameworks */ = {
			isa = PBXFrameworksBuildPhase;
			buildActionMask = 2147483647;
			files = (
				C039B12314DF79D400F4169E /* SenTestingKit.framework in Frameworks */,
				C039B12414DF79D400F4169E /* UIKit.framework in Frameworks */,
				C039B12514DF79D400F4169E /* Foundation.framework in Frameworks */,
			);
			runOnlyForDeploymentPostprocessing = 0;
		};
/* End PBXFrameworksBuildPhase section */

/* Begin PBXGroup section */
		C039B0F514DF79D300F4169E = {
			isa = PBXGroup;
			children = (
				C039B14714E020BF00F4169E /* Evernote */,
				C039B10A14DF79D300F4169E /* RollToEver */,
				C039B12814DF79D400F4169E /* RollToEverTests */,
				C039B10314DF79D300F4169E /* Frameworks */,
				C039B10114DF79D300F4169E /* Products */,
			);
			sourceTree = "<group>";
		};
		C039B10114DF79D300F4169E /* Products */ = {
			isa = PBXGroup;
			children = (
				C039B10014DF79D300F4169E /* RollToEver.app */,
				C039B12114DF79D400F4169E /* RollToEverTests.octest */,
			);
			name = Products;
			sourceTree = "<group>";
		};
		C039B10314DF79D300F4169E /* Frameworks */ = {
			isa = PBXGroup;
			children = (
				C039B14514DF8A9E00F4169E /* AssetsLibrary.framework */,
				C039B10414DF79D300F4169E /* UIKit.framework */,
				C039B10614DF79D300F4169E /* Foundation.framework */,
				C039B10814DF79D300F4169E /* CoreGraphics.framework */,
				C039B12214DF79D400F4169E /* SenTestingKit.framework */,
			);
			name = Frameworks;
			sourceTree = "<group>";
		};
		C039B10A14DF79D300F4169E /* RollToEver */ = {
			isa = PBXGroup;
			children = (
				C039B11314DF79D300F4169E /* AppDelegate.h */,
				C039B11414DF79D300F4169E /* AppDelegate.m */,
				C039B11914DF79D300F4169E /* ViewController.h */,
				C039B11A14DF79D300F4169E /* ViewController.m */,
				C094D85A14E19B0800E30669 /* SettingsTableViewController.h */,
				C094D85B14E19B0800E30669 /* SettingsTableViewController.m */,
				C039B14214DF7CD400F4169E /* RollToEver.h */,
				C039B14314DF7CD400F4169E /* RollToEver.m */,
				C0C23B1D14E2719000507D08 /* UserSettings.h */,
				C0C23B1E14E2719000507D08 /* UserSettings.m */,
				C039B11614DF79D300F4169E /* MainStoryboard.storyboard */,
				C039B10B14DF79D300F4169E /* Supporting Files */,
			);
			path = RollToEver;
			sourceTree = "<group>";
		};
		C039B10B14DF79D300F4169E /* Supporting Files */ = {
			isa = PBXGroup;
			children = (
				C039B10C14DF79D300F4169E /* RollToEver-Info.plist */,
				C039B10D14DF79D300F4169E /* InfoPlist.strings */,
				C039B11014DF79D300F4169E /* main.m */,
				C039B11214DF79D300F4169E /* RollToEver-Prefix.pch */,
			);
			name = "Supporting Files";
			sourceTree = "<group>";
		};
		C039B12814DF79D400F4169E /* RollToEverTests */ = {
			isa = PBXGroup;
			children = (
				C039B12E14DF79D400F4169E /* RollToEverTests.h */,
				C039B12F14DF79D400F4169E /* RollToEverTests.m */,
				C0C23B1A14E2710E00507D08 /* UserSettingsTest.h */,
				C0C23B1B14E2710E00507D08 /* UserSettingsTest.m */,
				C039B12914DF79D400F4169E /* Supporting Files */,
			);
			path = RollToEverTests;
			sourceTree = "<group>";
		};
		C039B12914DF79D400F4169E /* Supporting Files */ = {
			isa = PBXGroup;
			children = (
				C039B12A14DF79D400F4169E /* RollToEverTests-Info.plist */,
				C039B12B14DF79D400F4169E /* InfoPlist.strings */,
			);
			name = "Supporting Files";
			sourceTree = "<group>";
		};
		C039B14714E020BF00F4169E /* Evernote */ = {
			isa = PBXGroup;
			children = (
				C039B14814E020DF00F4169E /* edam */,
				C039B15314E020DF00F4169E /* thrift */,
				C039B19114E172DF00F4169E /* id.h */,
				C039B16E14E020DF00F4169E /* Evernote.h */,
				C039B16F14E020DF00F4169E /* Evernote.m */,
				C039B17014E020DF00F4169E /* MD5.c */,
				C039B17114E020DF00F4169E /* MD5.h */,
				C039B17214E020DF00F4169E /* NSDataMD5Additions.h */,
				C039B17314E020DF00F4169E /* NSDataMD5Additions.m */,
				C039B17414E020DF00F4169E /* NSString+MD5.h */,
				C039B17514E020DF00F4169E /* NSString+MD5.m */,
			);
			name = Evernote;
			sourceTree = "<group>";
		};
		C039B14814E020DF00F4169E /* edam */ = {
			isa = PBXGroup;
			children = (
				C039B14914E020DF00F4169E /* EDAMLimits.h */,
				C039B14A14E020DF00F4169E /* EDAMLimits.m */,
				C039B14B14E020DF00F4169E /* Errors.h */,
				C039B14C14E020DF00F4169E /* Errors.m */,
				C039B14D14E020DF00F4169E /* NoteStore.h */,
				C039B14E14E020DF00F4169E /* NoteStore.m */,
				C039B14F14E020DF00F4169E /* Types.h */,
				C039B15014E020DF00F4169E /* Types.m */,
				C039B15114E020DF00F4169E /* UserStore.h */,
				C039B15214E020DF00F4169E /* UserStore.m */,
			);
			name = edam;
			path = RollToEver/Evernote/edam;
			sourceTree = "<group>";
		};
		C039B15314E020DF00F4169E /* thrift */ = {
			isa = PBXGroup;
			children = (
				C039B15414E020DF00F4169E /* protocol */,
				C039B15D14E020DF00F4169E /* server */,
				C039B15E14E020DF00F4169E /* TApplicationException.h */,
				C039B15F14E020DF00F4169E /* TApplicationException.m */,
				C039B16014E020DF00F4169E /* TException.h */,
				C039B16114E020DF00F4169E /* TException.m */,
				C039B16214E020DF00F4169E /* TProcessor.h */,
				C039B16314E020DF00F4169E /* TProcessorFactory.h */,
				C039B16414E020DF00F4169E /* transport */,
				C039B16C14E020DF00F4169E /* TSharedProcessorFactory.h */,
				C039B16D14E020DF00F4169E /* TSharedProcessorFactory.m */,
			);
			name = thrift;
			path = RollToEver/Evernote/thrift;
			sourceTree = "<group>";
		};
		C039B15414E020DF00F4169E /* protocol */ = {
			isa = PBXGroup;
			children = (
				C039B15514E020DF00F4169E /* TBinaryProtocol.h */,
				C039B15614E020DF00F4169E /* TBinaryProtocol.m */,
				C039B15714E020DF00F4169E /* TProtocol.h */,
				C039B15814E020DF00F4169E /* TProtocolException.h */,
				C039B15914E020DF00F4169E /* TProtocolException.m */,
				C039B15A14E020DF00F4169E /* TProtocolFactory.h */,
				C039B15B14E020DF00F4169E /* TProtocolUtil.h */,
				C039B15C14E020DF00F4169E /* TProtocolUtil.m */,
			);
			path = protocol;
			sourceTree = "<group>";
		};
		C039B15D14E020DF00F4169E /* server */ = {
			isa = PBXGroup;
			children = (
			);
			path = server;
			sourceTree = "<group>";
		};
		C039B16414E020DF00F4169E /* transport */ = {
			isa = PBXGroup;
			children = (
				C039B16514E020DF00F4169E /* THTTPClient.h */,
				C039B16614E020DF00F4169E /* THTTPClient.m */,
				C039B16714E020DF00F4169E /* TMemoryBuffer.h */,
				C039B16814E020DF00F4169E /* TMemoryBuffer.m */,
				C039B16914E020DF00F4169E /* TTransport.h */,
				C039B16A14E020DF00F4169E /* TTransportException.h */,
				C039B16B14E020DF00F4169E /* TTransportException.m */,
			);
			path = transport;
			sourceTree = "<group>";
		};
/* End PBXGroup section */

/* Begin PBXNativeTarget section */
		C039B0FF14DF79D300F4169E /* RollToEver */ = {
			isa = PBXNativeTarget;
			buildConfigurationList = C039B13314DF79D400F4169E /* Build configuration list for PBXNativeTarget "RollToEver" */;
			buildPhases = (
				C039B0FC14DF79D300F4169E /* Sources */,
				C039B0FD14DF79D300F4169E /* Frameworks */,
				C039B0FE14DF79D300F4169E /* Resources */,
			);
			buildRules = (
			);
			dependencies = (
			);
			name = RollToEver;
			productName = RollToEver;
			productReference = C039B10014DF79D300F4169E /* RollToEver.app */;
			productType = "com.apple.product-type.application";
		};
		C039B12014DF79D400F4169E /* RollToEverTests */ = {
			isa = PBXNativeTarget;
			buildConfigurationList = C039B13614DF79D400F4169E /* Build configuration list for PBXNativeTarget "RollToEverTests" */;
			buildPhases = (
				C039B11C14DF79D400F4169E /* Sources */,
				C039B11D14DF79D400F4169E /* Frameworks */,
				C039B11E14DF79D400F4169E /* Resources */,
				C039B11F14DF79D400F4169E /* ShellScript */,
			);
			buildRules = (
			);
			dependencies = (
				C039B12714DF79D400F4169E /* PBXTargetDependency */,
			);
			name = RollToEverTests;
			productName = RollToEverTests;
			productReference = C039B12114DF79D400F4169E /* RollToEverTests.octest */;
			productType = "com.apple.product-type.bundle";
		};
/* End PBXNativeTarget section */

/* Begin PBXProject section */
		C039B0F714DF79D300F4169E /* Project object */ = {
			isa = PBXProject;
			attributes = {
				LastUpgradeCheck = 0420;
				ORGANIZATIONNAME = fifnel;
			};
			buildConfigurationList = C039B0FA14DF79D300F4169E /* Build configuration list for PBXProject "RollToEver" */;
			compatibilityVersion = "Xcode 3.2";
			developmentRegion = English;
			hasScannedForEncodings = 0;
			knownRegions = (
				en,
			);
			mainGroup = C039B0F514DF79D300F4169E;
			productRefGroup = C039B10114DF79D300F4169E /* Products */;
			projectDirPath = "";
			projectRoot = "";
			targets = (
				C039B0FF14DF79D300F4169E /* RollToEver */,
				C039B12014DF79D400F4169E /* RollToEverTests */,
			);
		};
/* End PBXProject section */

/* Begin PBXResourcesBuildPhase section */
		C039B0FE14DF79D300F4169E /* Resources */ = {
			isa = PBXResourcesBuildPhase;
			buildActionMask = 2147483647;
			files = (
				C039B10F14DF79D300F4169E /* InfoPlist.strings in Resources */,
				C039B11814DF79D300F4169E /* MainStoryboard.storyboard in Resources */,
			);
			runOnlyForDeploymentPostprocessing = 0;
		};
		C039B11E14DF79D400F4169E /* Resources */ = {
			isa = PBXResourcesBuildPhase;
			buildActionMask = 2147483647;
			files = (
				C039B12D14DF79D400F4169E /* InfoPlist.strings in Resources */,
			);
			runOnlyForDeploymentPostprocessing = 0;
		};
/* End PBXResourcesBuildPhase section */

/* Begin PBXShellScriptBuildPhase section */
		C039B11F14DF79D400F4169E /* ShellScript */ = {
			isa = PBXShellScriptBuildPhase;
			buildActionMask = 2147483647;
			files = (
			);
			inputPaths = (
			);
			outputPaths = (
			);
			runOnlyForDeploymentPostprocessing = 0;
			shellPath = /bin/sh;
			shellScript = "# Run the unit tests in this test bundle.\n\"${SYSTEM_DEVELOPER_DIR}/Tools/RunUnitTests\"\n";
		};
/* End PBXShellScriptBuildPhase section */

/* Begin PBXSourcesBuildPhase section */
		C039B0FC14DF79D300F4169E /* Sources */ = {
			isa = PBXSourcesBuildPhase;
			buildActionMask = 2147483647;
			files = (
				C039B11114DF79D300F4169E /* main.m in Sources */,
				C039B11514DF79D300F4169E /* AppDelegate.m in Sources */,
				C039B11B14DF79D300F4169E /* ViewController.m in Sources */,
				C039B14414DF7CD400F4169E /* RollToEver.m in Sources */,
				C039B17614E020DF00F4169E /* EDAMLimits.m in Sources */,
				C039B17714E020DF00F4169E /* Errors.m in Sources */,
				C039B17814E020DF00F4169E /* NoteStore.m in Sources */,
				C039B17914E020DF00F4169E /* Types.m in Sources */,
				C039B17A14E020DF00F4169E /* UserStore.m in Sources */,
				C039B17B14E020DF00F4169E /* TBinaryProtocol.m in Sources */,
				C039B17C14E020DF00F4169E /* TProtocolException.m in Sources */,
				C039B17D14E020DF00F4169E /* TProtocolUtil.m in Sources */,
				C039B17E14E020DF00F4169E /* TApplicationException.m in Sources */,
				C039B17F14E020DF00F4169E /* TException.m in Sources */,
				C039B18014E020DF00F4169E /* THTTPClient.m in Sources */,
				C039B18114E020DF00F4169E /* TMemoryBuffer.m in Sources */,
				C039B18214E020DF00F4169E /* TTransportException.m in Sources */,
				C039B18314E020DF00F4169E /* TSharedProcessorFactory.m in Sources */,
				C039B18414E020DF00F4169E /* Evernote.m in Sources */,
				C039B18514E020DF00F4169E /* MD5.c in Sources */,
				C039B18614E020DF00F4169E /* NSDataMD5Additions.m in Sources */,
				C039B18714E020DF00F4169E /* NSString+MD5.m in Sources */,
				C094D85C14E19B0800E30669 /* SettingsTableViewController.m in Sources */,
				C0C23B1F14E2719000507D08 /* UserSettings.m in Sources */,
			);
			runOnlyForDeploymentPostprocessing = 0;
		};
		C039B11C14DF79D400F4169E /* Sources */ = {
			isa = PBXSourcesBuildPhase;
			buildActionMask = 2147483647;
			files = (
				C039B13014DF79D400F4169E /* RollToEverTests.m in Sources */,
				C0C23B1C14E2710E00507D08 /* UserSettingsTest.m in Sources */,
			);
			runOnlyForDeploymentPostprocessing = 0;
		};
/* End PBXSourcesBuildPhase section */

/* Begin PBXTargetDependency section */
		C039B12714DF79D400F4169E /* PBXTargetDependency */ = {
			isa = PBXTargetDependency;
			target = C039B0FF14DF79D300F4169E /* RollToEver */;
			targetProxy = C039B12614DF79D400F4169E /* PBXContainerItemProxy */;
		};
/* End PBXTargetDependency section */

/* Begin PBXVariantGroup section */
		C039B10D14DF79D300F4169E /* InfoPlist.strings */ = {
			isa = PBXVariantGroup;
			children = (
				C039B10E14DF79D300F4169E /* en */,
			);
			name = InfoPlist.strings;
			sourceTree = "<group>";
		};
		C039B11614DF79D300F4169E /* MainStoryboard.storyboard */ = {
			isa = PBXVariantGroup;
			children = (
				C039B11714DF79D300F4169E /* en */,
			);
			name = MainStoryboard.storyboard;
			sourceTree = "<group>";
		};
		C039B12B14DF79D400F4169E /* InfoPlist.strings */ = {
			isa = PBXVariantGroup;
			children = (
				C039B12C14DF79D400F4169E /* en */,
			);
			name = InfoPlist.strings;
			sourceTree = "<group>";
		};
/* End PBXVariantGroup section */

/* Begin XCBuildConfiguration section */
		C039B13114DF79D400F4169E /* Debug */ = {
			isa = XCBuildConfiguration;
			buildSettings = {
				ALWAYS_SEARCH_USER_PATHS = NO;
				ARCHS = "$(ARCHS_STANDARD_32_BIT)";
				"CODE_SIGN_IDENTITY[sdk=iphoneos*]" = "iPhone Developer";
				COPY_PHASE_STRIP = NO;
				GCC_C_LANGUAGE_STANDARD = gnu99;
				GCC_DYNAMIC_NO_PIC = NO;
				GCC_OPTIMIZATION_LEVEL = 0;
				GCC_PREPROCESSOR_DEFINITIONS = (
					"DEBUG=1",
					"$(inherited)",
				);
				GCC_SYMBOLS_PRIVATE_EXTERN = NO;
				GCC_VERSION = com.apple.compilers.llvm.clang.1_0;
				GCC_WARN_ABOUT_MISSING_PROTOTYPES = YES;
				GCC_WARN_ABOUT_RETURN_TYPE = YES;
				GCC_WARN_UNUSED_VARIABLE = YES;
				HEADER_SEARCH_PATHS = "./RollToEver/Evernote/**";
				IPHONEOS_DEPLOYMENT_TARGET = 5.0;
				SDKROOT = iphoneos;
				USER_HEADER_SEARCH_PATHS = "";
			};
			name = Debug;
		};
		C039B13214DF79D400F4169E /* Release */ = {
			isa = XCBuildConfiguration;
			buildSettings = {
				ALWAYS_SEARCH_USER_PATHS = NO;
				ARCHS = "$(ARCHS_STANDARD_32_BIT)";
				"CODE_SIGN_IDENTITY[sdk=iphoneos*]" = "iPhone Developer";
				COPY_PHASE_STRIP = YES;
				GCC_C_LANGUAGE_STANDARD = gnu99;
				GCC_VERSION = com.apple.compilers.llvm.clang.1_0;
				GCC_WARN_ABOUT_MISSING_PROTOTYPES = YES;
				GCC_WARN_ABOUT_RETURN_TYPE = YES;
				GCC_WARN_UNUSED_VARIABLE = YES;
				HEADER_SEARCH_PATHS = "./RollToEver/Evernote/**";
				IPHONEOS_DEPLOYMENT_TARGET = 5.0;
				OTHER_CFLAGS = "-DNS_BLOCK_ASSERTIONS=1";
				SDKROOT = iphoneos;
				USER_HEADER_SEARCH_PATHS = "";
				VALIDATE_PRODUCT = YES;
			};
			name = Release;
		};
		C039B13414DF79D400F4169E /* Debug */ = {
			isa = XCBuildConfiguration;
			buildSettings = {
				GCC_PRECOMPILE_PREFIX_HEADER = YES;
				GCC_PREFIX_HEADER = "RollToEver/RollToEver-Prefix.pch";
				INFOPLIST_FILE = "RollToEver/RollToEver-Info.plist";
				PRODUCT_NAME = "$(TARGET_NAME)";
				WRAPPER_EXTENSION = app;
			};
			name = Debug;
		};
		C039B13514DF79D400F4169E /* Release */ = {
			isa = XCBuildConfiguration;
			buildSettings = {
				GCC_PRECOMPILE_PREFIX_HEADER = YES;
				GCC_PREFIX_HEADER = "RollToEver/RollToEver-Prefix.pch";
				INFOPLIST_FILE = "RollToEver/RollToEver-Info.plist";
				PRODUCT_NAME = "$(TARGET_NAME)";
				WRAPPER_EXTENSION = app;
			};
			name = Release;
		};
		C039B13714DF79D400F4169E /* Debug */ = {
			isa = XCBuildConfiguration;
			buildSettings = {
				BUNDLE_LOADER = "$(BUILT_PRODUCTS_DIR)/RollToEver.app/RollToEver";
				FRAMEWORK_SEARCH_PATHS = (
					"$(SDKROOT)/Developer/Library/Frameworks",
					"$(DEVELOPER_LIBRARY_DIR)/Frameworks",
				);
				GCC_PRECOMPILE_PREFIX_HEADER = YES;
				GCC_PREFIX_HEADER = "RollToEver/RollToEver-Prefix.pch";
				INFOPLIST_FILE = "RollToEverTests/RollToEverTests-Info.plist";
				PRODUCT_NAME = "$(TARGET_NAME)";
				TEST_HOST = "$(BUNDLE_LOADER)";
				WRAPPER_EXTENSION = octest;
			};
			name = Debug;
		};
		C039B13814DF79D400F4169E /* Release */ = {
			isa = XCBuildConfiguration;
			buildSettings = {
				BUNDLE_LOADER = "$(BUILT_PRODUCTS_DIR)/RollToEver.app/RollToEver";
				FRAMEWORK_SEARCH_PATHS = (
					"$(SDKROOT)/Developer/Library/Frameworks",
					"$(DEVELOPER_LIBRARY_DIR)/Frameworks",
				);
				GCC_PRECOMPILE_PREFIX_HEADER = YES;
				GCC_PREFIX_HEADER = "RollToEver/RollToEver-Prefix.pch";
				INFOPLIST_FILE = "RollToEverTests/RollToEverTests-Info.plist";
				PRODUCT_NAME = "$(TARGET_NAME)";
				TEST_HOST = "$(BUNDLE_LOADER)";
				WRAPPER_EXTENSION = octest;
			};
			name = Release;
		};
/* End XCBuildConfiguration section */

/* Begin XCConfigurationList section */
		C039B0FA14DF79D300F4169E /* Build configuration list for PBXProject "RollToEver" */ = {
			isa = XCConfigurationList;
			buildConfigurations = (
				C039B13114DF79D400F4169E /* Debug */,
				C039B13214DF79D400F4169E /* Release */,
			);
			defaultConfigurationIsVisible = 0;
			defaultConfigurationName = Release;
		};
		C039B13314DF79D400F4169E /* Build configuration list for PBXNativeTarget "RollToEver" */ = {
			isa = XCConfigurationList;
			buildConfigurations = (
				C039B13414DF79D400F4169E /* Debug */,
				C039B13514DF79D400F4169E /* Release */,
			);
			defaultConfigurationIsVisible = 0;
			defaultConfigurationName = Release;
		};
		C039B13614DF79D400F4169E /* Build configuration list for PBXNativeTarget "RollToEverTests" */ = {
			isa = XCConfigurationList;
			buildConfigurations = (
				C039B13714DF79D400F4169E /* Debug */,
				C039B13814DF79D400F4169E /* Release */,
			);
			defaultConfigurationIsVisible = 0;
			defaultConfigurationName = Release;
		};
/* End XCConfigurationList section */
	};
	rootObject = C039B0F714DF79D300F4169E /* Project object */;
}
